{
  "object": {
    "pins": [
      {
        "package": "Cryptor",
        "repositoryURL": "https://github.com/IBM-Swift/BlueCryptor.git",
        "state": {
          "branch": null,
          "revision": "12d2bf3ec7207ec3cd004b9582f69ef5fae1da3b",
          "version": "1.0.32"
        }
      },
      {
        "package": "Chord",
        "repositoryURL": "https://github.com/OperatorFoundation/Chord.git",
        "state": {
          "branch": null,
          "revision": "27f92c6eae98c1fc4ef28d5b6655c8e3b4f327b4",
          "version": "0.0.11"
        }
      },
      {
        "package": "CryptoSwift",
        "repositoryURL": "https://github.com/krzyzanowskim/CryptoSwift.git",
        "state": {
          "branch": null,
          "revision": "39f08ac5269361a50c08ce1e2f41989bfc4b1ec8",
          "version": "1.3.1"
        }
      },
      {
        "package": "Datable",
        "repositoryURL": "https://github.com/OperatorFoundation/Datable",
        "state": {
          "branch": null,
          "revision": "aff3113e993217cae43180df9286eaa481682cce",
          "version": "3.0.4"
        }
      },
      {
        "package": "Elligator",
        "repositoryURL": "https://github.com/OperatorFoundation/Elligator.git",
        "state": {
          "branch": null,
          "revision": "ca7820792bce549c2039b108dfce903f97911d97",
          "version": "0.1.1"
        }
      },
      {
        "package": "HKDF",
        "repositoryURL": "https://github.com/OperatorFoundation/HKDF.git",
        "state": {
          "branch": null,
          "revision": "b0ebaa71d823317d8fedf4108b7e89500eb578c1",
          "version": "3.0.2"
        }
      },
      {
        "package": "Keychain",
        "repositoryURL": "https://github.com/OperatorFoundation/Keychain.git",
        "state": {
          "branch": null,
          "revision": "64c2e570f0cdb15beb879bdf1b3a9e01916f85d0",
          "version": "0.1.2"
        }
      },
      {
        "package": "KeychainLinux",
        "repositoryURL": "https://github.com/OperatorFoundation/KeychainLinux.git",
        "state": {
          "branch": null,
          "revision": "9be9dbf0a3492444a770ef22da18d0ff544713f7",
          "version": "0.1.1"
        }
      },
      {
        "package": "Monolith",
        "repositoryURL": "https://github.com/OperatorFoundation/Monolith.git",
        "state": {
          "branch": null,
          "revision": "b2724b4814a9ce89935ac7d8aebd92c88c3c0f8c",
          "version": "1.0.0"
        }
      },
      {
        "package": "ProteanSwift",
        "repositoryURL": "https://github.com/OperatorFoundation/ProteanSwift.git",
        "state": {
          "branch": null,
          "revision": "93ba3233eea1f4b4c7d00748cd8084f0003490cc",
          "version": "1.2.0"
        }
      },
      {
        "package": "ReplicantSwift",
        "repositoryURL": "https://github.com/OperatorFoundation/ReplicantSwift.git",
        "state": {
          "branch": null,
          "revision": "143d061849a9c0fd31b0460d36fedf071b29423b",
          "version": "0.8.4"
        }
      },
      {
        "package": "Shapeshifter-Swift-Transports",
        "repositoryURL": "https://github.com/OperatorFoundation/Shapeshifter-Swift-Transports",
        "state": {
          "branch": null,
          "revision": "1e3f5204a4ce0f8b793287bf3c005435de405e83",
          "version": "2.3.23"
        }
      },
      {
        "package": "Song",
        "repositoryURL": "https://github.com/OperatorFoundation/Song.git",
        "state": {
          "branch": null,
          "revision": "ac3cabb2fd470091364706bb197c4de6295a05e6",
          "version": "0.1.4"
        }
      },
      {
        "package": "swift-ast",
        "repositoryURL": "https://github.com/yanagiba/swift-ast",
        "state": {
          "branch": null,
          "revision": "e8507d78b32dbd33ea5ea975bbbc82b7613870a1",
          "version": "0.19.9"
        }
      },
      {
        "package": "swift-crypto",
        "repositoryURL": "https://github.com/apple/swift-crypto.git",
        "state": {
          "branch": null,
          "revision": "3bea268b223651c4ab7b7b9ad62ef9b2d4143eb6",
          "version": "1.1.6"
        }
      },
      {
        "package": "swift-log",
        "repositoryURL": "https://github.com/apple/swift-log.git",
        "state": {
          "branch": null,
          "revision": "173f567a2dfec11d74588eea82cecea555bdc0bc",
          "version": "1.4.0"
        }
      },
      {
        "package": "Sodium",
        "repositoryURL": "https://github.com/OperatorFoundation/swift-sodium.git",
        "state": {
          "branch": null,
          "revision": "bf86f64a4f28a75f6683078540f24727fad1b12c",
          "version": "0.9.0"
        }
      },
      {
        "package": "SwiftQueue",
        "repositoryURL": "https://github.com/OperatorFoundation/SwiftQueue.git",
        "state": {
          "branch": null,
          "revision": "0e5979acbb104516a427bb2bb09debc50ca100b4",
          "version": "0.0.3"
        }
      },
      {
        "package": "Transmission",
        "repositoryURL": "https://github.com/OperatorFoundation/Transmission.git",
        "state": {
          "branch": null,
          "revision": "f19c4784d14b90069a95ed6c8e0921545c09636f",
          "version": "0.2.2"
        }
      },
      {
        "package": "Transport",
        "repositoryURL": "https://github.com/OperatorFoundation/Transport.git",
        "state": {
          "branch": null,
          "revision": "b5ac00eac45a2e57923540c1fd80c734fe160ffe",
          "version": "2.3.4"
        }
      },
      {
        "package": "ZIPFoundation",
        "repositoryURL": "https://github.com/weichsel/ZIPFoundation",
        "state": {
          "branch": null,
          "revision": "ec32d62d412578542c0ffb7a6ce34d3e64b43b94",
          "version": "0.9.11"
        }
      }
    ]
  },
  "version": 1
}
