// !$*UTF8*$!
{
	archiveVersion = 1;
	classes = {
	};
	objectVersion = 52;
	objects = {

/* Begin PBXBuildFile section */
		464DA95B21E80E80003460D0 /* MoonbounceTests.swift in Sources */ = {isa = PBXBuildFile; fileRef = 464DA95A21E80E80003460D0 /* MoonbounceTests.swift */; };
		467CB5B71DBEB6E90086E341 /* AppDelegate.swift in Sources */ = {isa = PBXBuildFile; fileRef = 467CB5B61DBEB6E90086E341 /* AppDelegate.swift */; };
		467CB5B91DBEB6E90086E341 /* Assets.xcassets in Resources */ = {isa = PBXBuildFile; fileRef = 467CB5B81DBEB6E90086E341 /* Assets.xcassets */; };
		467CB5BC1DBEB6E90086E341 /* MainMenu.xib in Resources */ = {isa = PBXBuildFile; fileRef = 467CB5BA1DBEB6E90086E341 /* MainMenu.xib */; };
		467CB5C51DBEB8CF0086E341 /* MoonbounceViewController.swift in Sources */ = {isa = PBXBuildFile; fileRef = 467CB5C31DBEB8CF0086E341 /* MoonbounceViewController.swift */; };
		467CB5C61DBEB8CF0086E341 /* MoonbounceViewController.xib in Resources */ = {isa = PBXBuildFile; fileRef = 467CB5C41DBEB8CF0086E341 /* MoonbounceViewController.xib */; };
		467CB5C91DBEB9730086E341 /* EventMonitor.swift in Sources */ = {isa = PBXBuildFile; fileRef = 467CB5C81DBEB9730086E341 /* EventMonitor.swift */; };
		469B0A7B21DEA5AB003FC2BC /* PacketTunnelProvider.swift in Sources */ = {isa = PBXBuildFile; fileRef = 469B0A7A21DEA5AB003FC2BC /* PacketTunnelProvider.swift */; };
		469B0A8021DEA5AB003FC2BC /* MoonbounceNetworkExtension.appex in Embed Foundation Extensions */ = {isa = PBXBuildFile; fileRef = 469B0A7821DEA5AB003FC2BC /* MoonbounceNetworkExtension.appex */; settings = {ATTRIBUTES = (RemoveHeadersOnCopy, ); }; };
		AE39BD6822440123007C7C90 /* NetworkExtension.framework in Frameworks */ = {isa = PBXBuildFile; fileRef = AE39BD2E223B576B007C7C90 /* NetworkExtension.framework */; };
		AEFDFD7C2432A112003571DB /* NetworkExtension.framework in Frameworks */ = {isa = PBXBuildFile; fileRef = AE39BD2E223B576B007C7C90 /* NetworkExtension.framework */; };
		B41FE02A1DF24BE900E02D17 /* Security.framework in Frameworks */ = {isa = PBXBuildFile; fileRef = B41FE0291DF24BE900E02D17 /* Security.framework */; };
		B41FE02C1DF24BF500E02D17 /* ServiceManagement.framework in Frameworks */ = {isa = PBXBuildFile; fileRef = B41FE02B1DF24BF500E02D17 /* ServiceManagement.framework */; };
		B44390591DC00EA000389352 /* PopoverContentView.swift in Sources */ = {isa = PBXBuildFile; fileRef = B44390581DC00EA000389352 /* PopoverContentView.swift */; };
		B4EF3E5D1E15C12700A5DDBD /* CustomButton.swift in Sources */ = {isa = PBXBuildFile; fileRef = B4EF3E5C1E15C12700A5DDBD /* CustomButton.swift */; };
		DA3B853E27F60DA7003152C0 /* Globals.swift in Sources */ = {isa = PBXBuildFile; fileRef = DA3B853D27F60DA7003152C0 /* Globals.swift */; };
		DA3F5D7E29B26AFB001E62EB /* ShadowSwift in Frameworks */ = {isa = PBXBuildFile; productRef = DA3F5D7D29B26AFB001E62EB /* ShadowSwift */; };
		DA3F5D8129B26BE2001E62EB /* Simulation in Frameworks */ = {isa = PBXBuildFile; productRef = DA3F5D8029B26BE2001E62EB /* Simulation */; };
		DA3F5D8329B26BE2001E62EB /* Spacetime in Frameworks */ = {isa = PBXBuildFile; productRef = DA3F5D8229B26BE2001E62EB /* Spacetime */; };
		DA3F5D8529B26BE2001E62EB /* Universe in Frameworks */ = {isa = PBXBuildFile; productRef = DA3F5D8429B26BE2001E62EB /* Universe */; };
		DAE6D36B28249DCE00BA71DA /* MoonbounceLibrary in Frameworks */ = {isa = PBXBuildFile; productRef = DAE6D36A28249DCE00BA71DA /* MoonbounceLibrary */; };
		DAE6D36D28249DCE00BA71DA /* MoonbounceShared in Frameworks */ = {isa = PBXBuildFile; productRef = DAE6D36C28249DCE00BA71DA /* MoonbounceShared */; };
		DAE6D37528249DFC00BA71DA /* MoonbounceNetworkExtensionLibrary in Frameworks */ = {isa = PBXBuildFile; productRef = DAE6D37428249DFC00BA71DA /* MoonbounceNetworkExtensionLibrary */; };
		DAE6D37728249DFC00BA71DA /* MoonbounceShared in Frameworks */ = {isa = PBXBuildFile; productRef = DAE6D37628249DFC00BA71DA /* MoonbounceShared */; };
		EF2D8C72292C0B1600777928 /* ClientConfig.swift in Sources */ = {isa = PBXBuildFile; fileRef = EF2D8C71292C0B1600777928 /* ClientConfig.swift */; };
		EF2D8C75292C0BAF00777928 /* Keychain in Frameworks */ = {isa = PBXBuildFile; productRef = EF2D8C74292C0BAF00777928 /* Keychain */; };
/* End PBXBuildFile section */

/* Begin PBXContainerItemProxy section */
		464DA95D21E80E80003460D0 /* PBXContainerItemProxy */ = {
			isa = PBXContainerItemProxy;
			containerPortal = 467CB5AB1DBEB6E90086E341 /* Project object */;
			proxyType = 1;
			remoteGlobalIDString = 467CB5B21DBEB6E90086E341;
			remoteInfo = Moonbounce;
		};
		469B0A7E21DEA5AB003FC2BC /* PBXContainerItemProxy */ = {
			isa = PBXContainerItemProxy;
			containerPortal = 467CB5AB1DBEB6E90086E341 /* Project object */;
			proxyType = 1;
			remoteGlobalIDString = 469B0A7721DEA5AB003FC2BC;
			remoteInfo = MoonbounceNetworkExtension;
		};
/* End PBXContainerItemProxy section */

/* Begin PBXCopyFilesBuildPhase section */
		469B0A9221DEA5AB003FC2BC /* Embed Foundation Extensions */ = {
			isa = PBXCopyFilesBuildPhase;
			buildActionMask = 2147483647;
			dstPath = "";
			dstSubfolderSpec = 13;
			files = (
				469B0A8021DEA5AB003FC2BC /* MoonbounceNetworkExtension.appex in Embed Foundation Extensions */,
			);
			name = "Embed Foundation Extensions";
			runOnlyForDeploymentPostprocessing = 0;
		};
		AE4CFCC9244134E0006FF16E /* Embed Frameworks */ = {
			isa = PBXCopyFilesBuildPhase;
			buildActionMask = 2147483647;
			dstPath = "";
			dstSubfolderSpec = 10;
			files = (
			);
			name = "Embed Frameworks";
			runOnlyForDeploymentPostprocessing = 0;
		};
		B41FE0251DF10A0400E02D17 /* CopyFiles */ = {
			isa = PBXCopyFilesBuildPhase;
			buildActionMask = 2147483647;
			dstPath = Contents/Library/LaunchServices;
			dstSubfolderSpec = 7;
			files = (
			);
			runOnlyForDeploymentPostprocessing = 0;
		};
/* End PBXCopyFilesBuildPhase section */

/* Begin PBXFileReference section */
		464DA95821E80E80003460D0 /* MoonbounceTests.xctest */ = {isa = PBXFileReference; explicitFileType = wrapper.cfbundle; includeInIndex = 0; path = MoonbounceTests.xctest; sourceTree = BUILT_PRODUCTS_DIR; };
		464DA95A21E80E80003460D0 /* MoonbounceTests.swift */ = {isa = PBXFileReference; lastKnownFileType = sourcecode.swift; path = MoonbounceTests.swift; sourceTree = "<group>"; };
		464DA95C21E80E80003460D0 /* Info.plist */ = {isa = PBXFileReference; lastKnownFileType = text.plist.xml; path = Info.plist; sourceTree = "<group>"; };
		465F18F21DDA684600C8F1B8 /* Moonbounce.entitlements */ = {isa = PBXFileReference; lastKnownFileType = text.plist.entitlements; path = Moonbounce.entitlements; sourceTree = "<group>"; };
		4678C32621E009DC00492768 /* MoonbounceNetworkExtension-Bridging-Header.h */ = {isa = PBXFileReference; lastKnownFileType = sourcecode.c.h; path = "MoonbounceNetworkExtension-Bridging-Header.h"; sourceTree = "<group>"; };
		467CB5B31DBEB6E90086E341 /* Moonbounce.app */ = {isa = PBXFileReference; explicitFileType = wrapper.application; includeInIndex = 0; path = Moonbounce.app; sourceTree = BUILT_PRODUCTS_DIR; };
		467CB5B61DBEB6E90086E341 /* AppDelegate.swift */ = {isa = PBXFileReference; lastKnownFileType = sourcecode.swift; path = AppDelegate.swift; sourceTree = "<group>"; };
		467CB5B81DBEB6E90086E341 /* Assets.xcassets */ = {isa = PBXFileReference; lastKnownFileType = folder.assetcatalog; path = Assets.xcassets; sourceTree = "<group>"; };
		467CB5BB1DBEB6E90086E341 /* Base */ = {isa = PBXFileReference; lastKnownFileType = file.xib; name = Base; path = Base.lproj/MainMenu.xib; sourceTree = "<group>"; };
		467CB5BD1DBEB6E90086E341 /* Info.plist */ = {isa = PBXFileReference; lastKnownFileType = text.plist.xml; path = Info.plist; sourceTree = "<group>"; };
		467CB5C31DBEB8CF0086E341 /* MoonbounceViewController.swift */ = {isa = PBXFileReference; fileEncoding = 4; lastKnownFileType = sourcecode.swift; name = MoonbounceViewController.swift; path = ViewControllers/MoonbounceViewController.swift; sourceTree = "<group>"; };
		467CB5C41DBEB8CF0086E341 /* MoonbounceViewController.xib */ = {isa = PBXFileReference; fileEncoding = 4; lastKnownFileType = file.xib; name = MoonbounceViewController.xib; path = ViewControllers/MoonbounceViewController.xib; sourceTree = "<group>"; };
		467CB5C81DBEB9730086E341 /* EventMonitor.swift */ = {isa = PBXFileReference; fileEncoding = 4; lastKnownFileType = sourcecode.swift; name = EventMonitor.swift; path = Helpers/EventMonitor.swift; sourceTree = "<group>"; };
		469B0A7821DEA5AB003FC2BC /* MoonbounceNetworkExtension.appex */ = {isa = PBXFileReference; explicitFileType = "wrapper.app-extension"; includeInIndex = 0; path = MoonbounceNetworkExtension.appex; sourceTree = BUILT_PRODUCTS_DIR; };
		469B0A7A21DEA5AB003FC2BC /* PacketTunnelProvider.swift */ = {isa = PBXFileReference; lastKnownFileType = sourcecode.swift; path = PacketTunnelProvider.swift; sourceTree = "<group>"; };
		469B0A7C21DEA5AB003FC2BC /* Info.plist */ = {isa = PBXFileReference; lastKnownFileType = text.plist.xml; path = Info.plist; sourceTree = "<group>"; };
		469B0A7D21DEA5AB003FC2BC /* MoonbounceNetworkExtension.entitlements */ = {isa = PBXFileReference; lastKnownFileType = text.plist.entitlements; path = MoonbounceNetworkExtension.entitlements; sourceTree = "<group>"; };
		46EA2C7C1E241BB70069E5DE /* Default */ = {isa = PBXFileReference; lastKnownFileType = folder; path = Default; sourceTree = "<group>"; };
		AE39BD2E223B576B007C7C90 /* NetworkExtension.framework */ = {isa = PBXFileReference; lastKnownFileType = wrapper.framework; name = NetworkExtension.framework; path = System/Library/Frameworks/NetworkExtension.framework; sourceTree = SDKROOT; };
		B41FE0291DF24BE900E02D17 /* Security.framework */ = {isa = PBXFileReference; lastKnownFileType = wrapper.framework; name = Security.framework; path = System/Library/Frameworks/Security.framework; sourceTree = SDKROOT; };
		B41FE02B1DF24BF500E02D17 /* ServiceManagement.framework */ = {isa = PBXFileReference; lastKnownFileType = wrapper.framework; name = ServiceManagement.framework; path = System/Library/Frameworks/ServiceManagement.framework; sourceTree = SDKROOT; };
		B44390581DC00EA000389352 /* PopoverContentView.swift */ = {isa = PBXFileReference; fileEncoding = 4; lastKnownFileType = sourcecode.swift; name = PopoverContentView.swift; path = Helpers/PopoverContentView.swift; sourceTree = "<group>"; };
		B4EF3E5C1E15C12700A5DDBD /* CustomButton.swift */ = {isa = PBXFileReference; fileEncoding = 4; lastKnownFileType = sourcecode.swift; name = CustomButton.swift; path = Helpers/CustomButton.swift; sourceTree = "<group>"; };
		CAFF6EC8250FFDB000BCBF5B /* Moonbounce-Bridging-Header.h */ = {isa = PBXFileReference; lastKnownFileType = sourcecode.c.h; name = "Moonbounce-Bridging-Header.h"; path = "Moonbounce/Moonbounce-Bridging-Header.h"; sourceTree = SOURCE_ROOT; };
		DA3B853D27F60DA7003152C0 /* Globals.swift */ = {isa = PBXFileReference; fileEncoding = 4; lastKnownFileType = sourcecode.swift; path = Globals.swift; sourceTree = "<group>"; };
		EF2D8C71292C0B1600777928 /* ClientConfig.swift */ = {isa = PBXFileReference; lastKnownFileType = sourcecode.swift; path = ClientConfig.swift; sourceTree = "<group>"; };
		EF426EF426B867BF008A8504 /* TestPlan.xctestplan */ = {isa = PBXFileReference; lastKnownFileType = text; path = TestPlan.xctestplan; sourceTree = SOURCE_ROOT; };
		EF7449AA2673CC32007BA534 /* AVKit.framework */ = {isa = PBXFileReference; lastKnownFileType = wrapper.framework; name = AVKit.framework; path = System/Library/Frameworks/AVKit.framework; sourceTree = SDKROOT; };
/* End PBXFileReference section */

/* Begin PBXFrameworksBuildPhase section */
		464DA95521E80E80003460D0 /* Frameworks */ = {
			isa = PBXFrameworksBuildPhase;
			buildActionMask = 2147483647;
			files = (
			);
			runOnlyForDeploymentPostprocessing = 0;
		};
		467CB5B01DBEB6E90086E341 /* Frameworks */ = {
			isa = PBXFrameworksBuildPhase;
			buildActionMask = 2147483647;
			files = (
				DAE6D36D28249DCE00BA71DA /* MoonbounceShared in Frameworks */,
				DAE6D36B28249DCE00BA71DA /* MoonbounceLibrary in Frameworks */,
				DA3F5D7E29B26AFB001E62EB /* ShadowSwift in Frameworks */,
				B41FE02C1DF24BF500E02D17 /* ServiceManagement.framework in Frameworks */,
				B41FE02A1DF24BE900E02D17 /* Security.framework in Frameworks */,
				EF2D8C75292C0BAF00777928 /* Keychain in Frameworks */,
				AE39BD6822440123007C7C90 /* NetworkExtension.framework in Frameworks */,
				DA3F5D8129B26BE2001E62EB /* Simulation in Frameworks */,
				DA3F5D8329B26BE2001E62EB /* Spacetime in Frameworks */,
				DA3F5D8529B26BE2001E62EB /* Universe in Frameworks */,
			);
			runOnlyForDeploymentPostprocessing = 0;
		};
		469B0A7521DEA5AB003FC2BC /* Frameworks */ = {
			isa = PBXFrameworksBuildPhase;
			buildActionMask = 2147483647;
			files = (
				AEFDFD7C2432A112003571DB /* NetworkExtension.framework in Frameworks */,
				DAE6D37528249DFC00BA71DA /* MoonbounceNetworkExtensionLibrary in Frameworks */,
				DAE6D37728249DFC00BA71DA /* MoonbounceShared in Frameworks */,
			);
			runOnlyForDeploymentPostprocessing = 0;
		};
/* End PBXFrameworksBuildPhase section */

/* Begin PBXGroup section */
		464DA95921E80E80003460D0 /* MoonbounceTests */ = {
			isa = PBXGroup;
			children = (
				EF426EF426B867BF008A8504 /* TestPlan.xctestplan */,
				464DA95A21E80E80003460D0 /* MoonbounceTests.swift */,
				464DA95C21E80E80003460D0 /* Info.plist */,
			);
			path = MoonbounceTests;
			sourceTree = "<group>";
		};
		467CB5AA1DBEB6E90086E341 = {
			isa = PBXGroup;
			children = (
				467CB5B51DBEB6E90086E341 /* MoonbounceApplication */,
				469B0A7921DEA5AB003FC2BC /* MoonbounceNetworkExtension */,
				464DA95921E80E80003460D0 /* MoonbounceTests */,
				467CB5B41DBEB6E90086E341 /* Products */,
				D1943F52C69C7904415E81F0 /* Frameworks */,
			);
			sourceTree = "<group>";
		};
		467CB5B41DBEB6E90086E341 /* Products */ = {
			isa = PBXGroup;
			children = (
				467CB5B31DBEB6E90086E341 /* Moonbounce.app */,
				469B0A7821DEA5AB003FC2BC /* MoonbounceNetworkExtension.appex */,
				464DA95821E80E80003460D0 /* MoonbounceTests.xctest */,
			);
			name = Products;
			sourceTree = "<group>";
		};
		467CB5B51DBEB6E90086E341 /* MoonbounceApplication */ = {
			isa = PBXGroup;
			children = (
				DA3B853D27F60DA7003152C0 /* Globals.swift */,
				467CB5BD1DBEB6E90086E341 /* Info.plist */,
				465F18F21DDA684600C8F1B8 /* Moonbounce.entitlements */,
				467CB5B81DBEB6E90086E341 /* Assets.xcassets */,
				467CB5BA1DBEB6E90086E341 /* MainMenu.xib */,
				CAFF6EC8250FFDB000BCBF5B /* Moonbounce-Bridging-Header.h */,
				CAFF6EC7250FFCE000BCBF5B /* Resources */,
				467CB5B61DBEB6E90086E341 /* AppDelegate.swift */,
				467CB5C71DBEB8DE0086E341 /* ViewControllers */,
				467CB5CA1DBEB9790086E341 /* Helpers */,
				EF2D8C71292C0B1600777928 /* ClientConfig.swift */,
			);
			path = MoonbounceApplication;
			sourceTree = "<group>";
		};
		467CB5C71DBEB8DE0086E341 /* ViewControllers */ = {
			isa = PBXGroup;
			children = (
				467CB5C31DBEB8CF0086E341 /* MoonbounceViewController.swift */,
				467CB5C41DBEB8CF0086E341 /* MoonbounceViewController.xib */,
			);
			name = ViewControllers;
			sourceTree = "<group>";
		};
		467CB5CA1DBEB9790086E341 /* Helpers */ = {
			isa = PBXGroup;
			children = (
				467CB5C81DBEB9730086E341 /* EventMonitor.swift */,
				B44390581DC00EA000389352 /* PopoverContentView.swift */,
				B4EF3E5C1E15C12700A5DDBD /* CustomButton.swift */,
			);
			name = Helpers;
			sourceTree = "<group>";
		};
		469B0A7921DEA5AB003FC2BC /* MoonbounceNetworkExtension */ = {
			isa = PBXGroup;
			children = (
				469B0A7C21DEA5AB003FC2BC /* Info.plist */,
				469B0A7D21DEA5AB003FC2BC /* MoonbounceNetworkExtension.entitlements */,
				4678C32621E009DC00492768 /* MoonbounceNetworkExtension-Bridging-Header.h */,
				469B0A7A21DEA5AB003FC2BC /* PacketTunnelProvider.swift */,
			);
			path = MoonbounceNetworkExtension;
			sourceTree = "<group>";
		};
		CAFF6EC7250FFCE000BCBF5B /* Resources */ = {
			isa = PBXGroup;
			children = (
				46EA2C7C1E241BB70069E5DE /* Default */,
			);
			name = Resources;
			sourceTree = "<group>";
		};
		D1943F52C69C7904415E81F0 /* Frameworks */ = {
			isa = PBXGroup;
			children = (
				EF7449AA2673CC32007BA534 /* AVKit.framework */,
				AE39BD2E223B576B007C7C90 /* NetworkExtension.framework */,
				B41FE02B1DF24BF500E02D17 /* ServiceManagement.framework */,
				B41FE0291DF24BE900E02D17 /* Security.framework */,
			);
			name = Frameworks;
			sourceTree = "<group>";
		};
/* End PBXGroup section */

/* Begin PBXNativeTarget section */
		464DA95721E80E80003460D0 /* MoonbounceTests */ = {
			isa = PBXNativeTarget;
			buildConfigurationList = 464DA97121E80E80003460D0 /* Build configuration list for PBXNativeTarget "MoonbounceTests" */;
			buildPhases = (
				464DA95421E80E80003460D0 /* Sources */,
				464DA95521E80E80003460D0 /* Frameworks */,
				464DA95621E80E80003460D0 /* Resources */,
			);
			buildRules = (
			);
			dependencies = (
				464DA95E21E80E80003460D0 /* PBXTargetDependency */,
			);
			name = MoonbounceTests;
			packageProductDependencies = (
			);
			productName = MoonbounceTests;
			productReference = 464DA95821E80E80003460D0 /* MoonbounceTests.xctest */;
			productType = "com.apple.product-type.bundle.unit-test";
		};
		467CB5B21DBEB6E90086E341 /* Moonbounce */ = {
			isa = PBXNativeTarget;
			buildConfigurationList = 467CB5C01DBEB6E90086E341 /* Build configuration list for PBXNativeTarget "Moonbounce" */;
			buildPhases = (
				467CB5AF1DBEB6E90086E341 /* Sources */,
				467CB5B01DBEB6E90086E341 /* Frameworks */,
				467CB5B11DBEB6E90086E341 /* Resources */,
				B41FE0251DF10A0400E02D17 /* CopyFiles */,
				469B0A9221DEA5AB003FC2BC /* Embed Foundation Extensions */,
			);
			buildRules = (
			);
			dependencies = (
				469B0A7F21DEA5AB003FC2BC /* PBXTargetDependency */,
			);
			name = Moonbounce;
			packageProductDependencies = (
				DAE6D36A28249DCE00BA71DA /* MoonbounceLibrary */,
				DAE6D36C28249DCE00BA71DA /* MoonbounceShared */,
				EF2D8C74292C0BAF00777928 /* Keychain */,
				DA3F5D7D29B26AFB001E62EB /* ShadowSwift */,
				DA3F5D8029B26BE2001E62EB /* Simulation */,
				DA3F5D8229B26BE2001E62EB /* Spacetime */,
				DA3F5D8429B26BE2001E62EB /* Universe */,
			);
			productName = Moonbounce;
			productReference = 467CB5B31DBEB6E90086E341 /* Moonbounce.app */;
			productType = "com.apple.product-type.application";
		};
		469B0A7721DEA5AB003FC2BC /* MoonbounceNetworkExtension */ = {
			isa = PBXNativeTarget;
			buildConfigurationList = 469B0A9121DEA5AB003FC2BC /* Build configuration list for PBXNativeTarget "MoonbounceNetworkExtension" */;
			buildPhases = (
				469B0A7421DEA5AB003FC2BC /* Sources */,
				469B0A7521DEA5AB003FC2BC /* Frameworks */,
				469B0A7621DEA5AB003FC2BC /* Resources */,
				AE4CFCC9244134E0006FF16E /* Embed Frameworks */,
			);
			buildRules = (
			);
			dependencies = (
			);
			name = MoonbounceNetworkExtension;
			packageProductDependencies = (
				DAE6D37428249DFC00BA71DA /* MoonbounceNetworkExtensionLibrary */,
				DAE6D37628249DFC00BA71DA /* MoonbounceShared */,
			);
			productName = MoonbounceNetworkExtension;
			productReference = 469B0A7821DEA5AB003FC2BC /* MoonbounceNetworkExtension.appex */;
			productType = "com.apple.product-type.app-extension";
		};
/* End PBXNativeTarget section */

/* Begin PBXProject section */
		467CB5AB1DBEB6E90086E341 /* Project object */ = {
			isa = PBXProject;
			attributes = {
				LastSwiftUpdateCheck = 1330;
				LastUpgradeCheck = 1400;
				ORGANIZATIONNAME = operatorfoundation.org;
				TargetAttributes = {
					464DA95721E80E80003460D0 = {
						CreatedOnToolsVersion = 10.1;
						LastSwiftMigration = 1020;
						TestTargetID = 467CB5B21DBEB6E90086E341;
					};
					467CB5B21DBEB6E90086E341 = {
						CreatedOnToolsVersion = 8.0;
						LastSwiftMigration = 1020;
						SystemCapabilities = {
							com.apple.ApplicationGroups.Mac = {
								enabled = 0;
							};
							com.apple.Keychain = {
								enabled = 1;
							};
							com.apple.NetworkExtensions = {
								enabled = 1;
							};
							com.apple.Sandbox = {
								enabled = 1;
							};
							com.apple.VPNLite = {
								enabled = 1;
							};
						};
					};
					469B0A7721DEA5AB003FC2BC = {
						CreatedOnToolsVersion = 10.1;
						LastSwiftMigration = 1020;
						SystemCapabilities = {
							com.apple.ApplicationGroups.Mac = {
								enabled = 0;
							};
							com.apple.Keychain = {
								enabled = 1;
							};
							com.apple.NetworkExtensions = {
								enabled = 1;
							};
							com.apple.Sandbox = {
								enabled = 1;
							};
							com.apple.VPNLite = {
								enabled = 0;
							};
						};
					};
				};
			};
			buildConfigurationList = 467CB5AE1DBEB6E90086E341 /* Build configuration list for PBXProject "Moonbounce" */;
			compatibilityVersion = "Xcode 11.0";
			developmentRegion = en;
			hasScannedForEncodings = 0;
			knownRegions = (
				en,
				Base,
			);
			mainGroup = 467CB5AA1DBEB6E90086E341;
			packageReferences = (
				EF2017E22739BAD100465E0A /* XCRemoteSwiftPackageReference "swift-log" */,
				DAE6D36928249DCE00BA71DA /* XCRemoteSwiftPackageReference "MoonbounceLibrary" */,
				EF2D8C73292C0BAF00777928 /* XCRemoteSwiftPackageReference "Keychain" */,
				DA3F5D7C29B26AFB001E62EB /* XCRemoteSwiftPackageReference "ShadowSwift" */,
				DA3F5D7F29B26BE2001E62EB /* XCRemoteSwiftPackageReference "Spacetime" */,
			);
			productRefGroup = 467CB5B41DBEB6E90086E341 /* Products */;
			projectDirPath = "";
			projectRoot = "";
			targets = (
				467CB5B21DBEB6E90086E341 /* Moonbounce */,
				469B0A7721DEA5AB003FC2BC /* MoonbounceNetworkExtension */,
				464DA95721E80E80003460D0 /* MoonbounceTests */,
			);
		};
/* End PBXProject section */

/* Begin PBXResourcesBuildPhase section */
		464DA95621E80E80003460D0 /* Resources */ = {
			isa = PBXResourcesBuildPhase;
			buildActionMask = 2147483647;
			files = (
			);
			runOnlyForDeploymentPostprocessing = 0;
		};
		467CB5B11DBEB6E90086E341 /* Resources */ = {
			isa = PBXResourcesBuildPhase;
			buildActionMask = 2147483647;
			files = (
				467CB5C61DBEB8CF0086E341 /* MoonbounceViewController.xib in Resources */,
				467CB5B91DBEB6E90086E341 /* Assets.xcassets in Resources */,
				467CB5BC1DBEB6E90086E341 /* MainMenu.xib in Resources */,
			);
			runOnlyForDeploymentPostprocessing = 0;
		};
		469B0A7621DEA5AB003FC2BC /* Resources */ = {
			isa = PBXResourcesBuildPhase;
			buildActionMask = 2147483647;
			files = (
			);
			runOnlyForDeploymentPostprocessing = 0;
		};
/* End PBXResourcesBuildPhase section */

/* Begin PBXSourcesBuildPhase section */
		464DA95421E80E80003460D0 /* Sources */ = {
			isa = PBXSourcesBuildPhase;
			buildActionMask = 2147483647;
			files = (
				464DA95B21E80E80003460D0 /* MoonbounceTests.swift in Sources */,
			);
			runOnlyForDeploymentPostprocessing = 0;
		};
		467CB5AF1DBEB6E90086E341 /* Sources */ = {
			isa = PBXSourcesBuildPhase;
			buildActionMask = 2147483647;
			files = (
				EF2D8C72292C0B1600777928 /* ClientConfig.swift in Sources */,
				B4EF3E5D1E15C12700A5DDBD /* CustomButton.swift in Sources */,
				B44390591DC00EA000389352 /* PopoverContentView.swift in Sources */,
				DA3B853E27F60DA7003152C0 /* Globals.swift in Sources */,
				467CB5C91DBEB9730086E341 /* EventMonitor.swift in Sources */,
				467CB5B71DBEB6E90086E341 /* AppDelegate.swift in Sources */,
				467CB5C51DBEB8CF0086E341 /* MoonbounceViewController.swift in Sources */,
			);
			runOnlyForDeploymentPostprocessing = 0;
		};
		469B0A7421DEA5AB003FC2BC /* Sources */ = {
			isa = PBXSourcesBuildPhase;
			buildActionMask = 2147483647;
			files = (
				469B0A7B21DEA5AB003FC2BC /* PacketTunnelProvider.swift in Sources */,
			);
			runOnlyForDeploymentPostprocessing = 0;
		};
/* End PBXSourcesBuildPhase section */

/* Begin PBXTargetDependency section */
		464DA95E21E80E80003460D0 /* PBXTargetDependency */ = {
			isa = PBXTargetDependency;
			target = 467CB5B21DBEB6E90086E341 /* Moonbounce */;
			targetProxy = 464DA95D21E80E80003460D0 /* PBXContainerItemProxy */;
		};
		469B0A7F21DEA5AB003FC2BC /* PBXTargetDependency */ = {
			isa = PBXTargetDependency;
			target = 469B0A7721DEA5AB003FC2BC /* MoonbounceNetworkExtension */;
			targetProxy = 469B0A7E21DEA5AB003FC2BC /* PBXContainerItemProxy */;
		};
/* End PBXTargetDependency section */

/* Begin PBXVariantGroup section */
		467CB5BA1DBEB6E90086E341 /* MainMenu.xib */ = {
			isa = PBXVariantGroup;
			children = (
				467CB5BB1DBEB6E90086E341 /* Base */,
			);
			name = MainMenu.xib;
			sourceTree = "<group>";
		};
/* End PBXVariantGroup section */

/* Begin XCBuildConfiguration section */
		464DA95F21E80E80003460D0 /* Debug */ = {
			isa = XCBuildConfiguration;
			buildSettings = {
				BUNDLE_LOADER = "$(TEST_HOST)";
				CLANG_ANALYZER_NUMBER_OBJECT_CONVERSION = YES_AGGRESSIVE;
				CLANG_CXX_LANGUAGE_STANDARD = "gnu++14";
				CLANG_ENABLE_OBJC_WEAK = YES;
				CLANG_WARN_UNGUARDED_AVAILABILITY = YES_AGGRESSIVE;
				CODE_SIGN_IDENTITY = "Apple Development";
				CODE_SIGN_STYLE = Automatic;
				COMBINE_HIDPI_IMAGES = YES;
				DEAD_CODE_STRIPPING = YES;
				DEVELOPMENT_TEAM = 67Y4NSLDQ3;
				GCC_C_LANGUAGE_STANDARD = gnu11;
				INFOPLIST_FILE = MoonbounceTests/Info.plist;
				LD_RUNPATH_SEARCH_PATHS = (
					"$(inherited)",
					"@executable_path/../Frameworks",
					"@loader_path/../Frameworks",
				);
				MTL_ENABLE_DEBUG_INFO = INCLUDE_SOURCE;
				MTL_FAST_MATH = YES;
				PRODUCT_BUNDLE_IDENTIFIER = org.operatorFoundation.MoonbounceTests;
				PRODUCT_NAME = "$(TARGET_NAME)";
				PROVISIONING_PROFILE_SPECIFIER = "";
				SWIFT_VERSION = 5.0;
				TEST_HOST = "$(BUILT_PRODUCTS_DIR)/Moonbounce.app/Contents/MacOS/Moonbounce";
			};
			name = Debug;
		};
		464DA96021E80E80003460D0 /* Release */ = {
			isa = XCBuildConfiguration;
			buildSettings = {
				BUNDLE_LOADER = "$(TEST_HOST)";
				CLANG_ANALYZER_NUMBER_OBJECT_CONVERSION = YES_AGGRESSIVE;
				CLANG_CXX_LANGUAGE_STANDARD = "gnu++14";
				CLANG_ENABLE_OBJC_WEAK = YES;
				CLANG_WARN_UNGUARDED_AVAILABILITY = YES_AGGRESSIVE;
				CODE_SIGN_IDENTITY = "Apple Development";
				CODE_SIGN_STYLE = Automatic;
				COMBINE_HIDPI_IMAGES = YES;
				DEAD_CODE_STRIPPING = YES;
				DEVELOPMENT_TEAM = 67Y4NSLDQ3;
				GCC_C_LANGUAGE_STANDARD = gnu11;
				INFOPLIST_FILE = MoonbounceTests/Info.plist;
				LD_RUNPATH_SEARCH_PATHS = (
					"$(inherited)",
					"@executable_path/../Frameworks",
					"@loader_path/../Frameworks",
				);
				MTL_FAST_MATH = YES;
				PRODUCT_BUNDLE_IDENTIFIER = org.operatorFoundation.MoonbounceTests;
				PRODUCT_NAME = "$(TARGET_NAME)";
				PROVISIONING_PROFILE_SPECIFIER = "";
				SWIFT_VERSION = 5.0;
				TEST_HOST = "$(BUILT_PRODUCTS_DIR)/Moonbounce.app/Contents/MacOS/Moonbounce";
			};
			name = Release;
		};
		467CB5BE1DBEB6E90086E341 /* Debug */ = {
			isa = XCBuildConfiguration;
			buildSettings = {
				ALWAYS_SEARCH_USER_PATHS = NO;
				APPLICATION_EXTENSION_API_ONLY = YES;
				CLANG_ANALYZER_LOCALIZABILITY_NONLOCALIZED = YES;
				CLANG_ANALYZER_NONNULL = YES;
				CLANG_CXX_LANGUAGE_STANDARD = "gnu++0x";
				CLANG_CXX_LIBRARY = "libc++";
				CLANG_ENABLE_MODULES = YES;
				CLANG_ENABLE_OBJC_ARC = YES;
				CLANG_WARN_BLOCK_CAPTURE_AUTORELEASING = YES;
				CLANG_WARN_BOOL_CONVERSION = YES;
				CLANG_WARN_COMMA = YES;
				CLANG_WARN_CONSTANT_CONVERSION = YES;
				CLANG_WARN_DEPRECATED_OBJC_IMPLEMENTATIONS = YES;
				CLANG_WARN_DIRECT_OBJC_ISA_USAGE = YES_ERROR;
				CLANG_WARN_DOCUMENTATION_COMMENTS = YES;
				CLANG_WARN_EMPTY_BODY = YES;
				CLANG_WARN_ENUM_CONVERSION = YES;
				CLANG_WARN_INFINITE_RECURSION = YES;
				CLANG_WARN_INT_CONVERSION = YES;
				CLANG_WARN_NON_LITERAL_NULL_CONVERSION = YES;
				CLANG_WARN_OBJC_IMPLICIT_RETAIN_SELF = YES;
				CLANG_WARN_OBJC_LITERAL_CONVERSION = YES;
				CLANG_WARN_OBJC_ROOT_CLASS = YES_ERROR;
				CLANG_WARN_QUOTED_INCLUDE_IN_FRAMEWORK_HEADER = YES;
				CLANG_WARN_RANGE_LOOP_ANALYSIS = YES;
				CLANG_WARN_STRICT_PROTOTYPES = YES;
				CLANG_WARN_SUSPICIOUS_MOVE = YES;
				CLANG_WARN_SUSPICIOUS_MOVES = YES;
				CLANG_WARN_UNREACHABLE_CODE = YES;
				CLANG_WARN__DUPLICATE_METHOD_MATCH = YES;
				CODE_SIGN_IDENTITY = "-";
				COPY_PHASE_STRIP = NO;
				DEAD_CODE_STRIPPING = YES;
				DEBUG_INFORMATION_FORMAT = dwarf;
				ENABLE_STRICT_OBJC_MSGSEND = YES;
				ENABLE_TESTABILITY = YES;
				GCC_C_LANGUAGE_STANDARD = gnu99;
				GCC_DYNAMIC_NO_PIC = NO;
				GCC_NO_COMMON_BLOCKS = YES;
				GCC_OPTIMIZATION_LEVEL = 0;
				GCC_PREPROCESSOR_DEFINITIONS = (
					"DEBUG=1",
					"$(inherited)",
				);
				GCC_WARN_64_TO_32_BIT_CONVERSION = YES;
				GCC_WARN_ABOUT_RETURN_TYPE = YES_ERROR;
				GCC_WARN_UNDECLARED_SELECTOR = YES;
				GCC_WARN_UNINITIALIZED_AUTOS = YES_AGGRESSIVE;
				GCC_WARN_UNUSED_FUNCTION = YES;
				GCC_WARN_UNUSED_VARIABLE = YES;
				MACOSX_DEPLOYMENT_TARGET = 13.0;
				MTL_ENABLE_DEBUG_INFO = YES;
				ONLY_ACTIVE_ARCH = YES;
				SDKROOT = macosx;
				SWIFT_ACTIVE_COMPILATION_CONDITIONS = DEBUG;
				SWIFT_OPTIMIZATION_LEVEL = "-Onone";
			};
			name = Debug;
		};
		467CB5BF1DBEB6E90086E341 /* Release */ = {
			isa = XCBuildConfiguration;
			buildSettings = {
				ALWAYS_SEARCH_USER_PATHS = NO;
				APPLICATION_EXTENSION_API_ONLY = YES;
				CLANG_ANALYZER_LOCALIZABILITY_NONLOCALIZED = YES;
				CLANG_ANALYZER_NONNULL = YES;
				CLANG_CXX_LANGUAGE_STANDARD = "gnu++0x";
				CLANG_CXX_LIBRARY = "libc++";
				CLANG_ENABLE_MODULES = YES;
				CLANG_ENABLE_OBJC_ARC = YES;
				CLANG_WARN_BLOCK_CAPTURE_AUTORELEASING = YES;
				CLANG_WARN_BOOL_CONVERSION = YES;
				CLANG_WARN_COMMA = YES;
				CLANG_WARN_CONSTANT_CONVERSION = YES;
				CLANG_WARN_DEPRECATED_OBJC_IMPLEMENTATIONS = YES;
				CLANG_WARN_DIRECT_OBJC_ISA_USAGE = YES_ERROR;
				CLANG_WARN_DOCUMENTATION_COMMENTS = YES;
				CLANG_WARN_EMPTY_BODY = YES;
				CLANG_WARN_ENUM_CONVERSION = YES;
				CLANG_WARN_INFINITE_RECURSION = YES;
				CLANG_WARN_INT_CONVERSION = YES;
				CLANG_WARN_NON_LITERAL_NULL_CONVERSION = YES;
				CLANG_WARN_OBJC_IMPLICIT_RETAIN_SELF = YES;
				CLANG_WARN_OBJC_LITERAL_CONVERSION = YES;
				CLANG_WARN_OBJC_ROOT_CLASS = YES_ERROR;
				CLANG_WARN_QUOTED_INCLUDE_IN_FRAMEWORK_HEADER = YES;
				CLANG_WARN_RANGE_LOOP_ANALYSIS = YES;
				CLANG_WARN_STRICT_PROTOTYPES = YES;
				CLANG_WARN_SUSPICIOUS_MOVE = YES;
				CLANG_WARN_SUSPICIOUS_MOVES = YES;
				CLANG_WARN_UNREACHABLE_CODE = YES;
				CLANG_WARN__DUPLICATE_METHOD_MATCH = YES;
				CODE_SIGN_IDENTITY = "-";
				COPY_PHASE_STRIP = NO;
				DEAD_CODE_STRIPPING = YES;
				DEBUG_INFORMATION_FORMAT = "dwarf-with-dsym";
				ENABLE_NS_ASSERTIONS = NO;
				ENABLE_STRICT_OBJC_MSGSEND = YES;
				GCC_C_LANGUAGE_STANDARD = gnu99;
				GCC_NO_COMMON_BLOCKS = YES;
				GCC_WARN_64_TO_32_BIT_CONVERSION = YES;
				GCC_WARN_ABOUT_RETURN_TYPE = YES_ERROR;
				GCC_WARN_UNDECLARED_SELECTOR = YES;
				GCC_WARN_UNINITIALIZED_AUTOS = YES_AGGRESSIVE;
				GCC_WARN_UNUSED_FUNCTION = YES;
				GCC_WARN_UNUSED_VARIABLE = YES;
				MACOSX_DEPLOYMENT_TARGET = 13.0;
				MTL_ENABLE_DEBUG_INFO = NO;
				SDKROOT = macosx;
				SWIFT_COMPILATION_MODE = wholemodule;
				SWIFT_OPTIMIZATION_LEVEL = "-O";
			};
			name = Release;
		};
		467CB5C11DBEB6E90086E341 /* Debug */ = {
			isa = XCBuildConfiguration;
			buildSettings = {
				ALWAYS_EMBED_SWIFT_STANDARD_LIBRARIES = YES;
				ASSETCATALOG_COMPILER_APPICON_NAME = AppIcon;
				CLANG_ENABLE_MODULES = YES;
				CODE_SIGN_ENTITLEMENTS = Moonbounce/Moonbounce.entitlements;
				CODE_SIGN_IDENTITY = "Apple Development";
				CODE_SIGN_STYLE = Automatic;
				COMBINE_HIDPI_IMAGES = YES;
				CURRENT_PROJECT_VERSION = 1;
				DEAD_CODE_STRIPPING = YES;
				DEVELOPMENT_TEAM = 67Y4NSLDQ3;
				ENABLE_HARDENED_RUNTIME = YES;
				GCC_SYMBOLS_PRIVATE_EXTERN = NO;
				GENERATE_INFOPLIST_FILE = YES;
				INFOPLIST_FILE = Moonbounce/Info.plist;
				INFOPLIST_KEY_CFBundleDisplayName = Moonbounce;
				INFOPLIST_KEY_LSApplicationCategoryType = "public.app-category.utilities";
				LD_RUNPATH_SEARCH_PATHS = (
					"$(inherited)",
					"@executable_path/../Frameworks",
				);
				LIBRARY_SEARCH_PATHS = (
					"$(inherited)",
					"$(PROJECT_DIR)",
				);
				MARKETING_VERSION = 1.0;
				PRODUCT_BUNDLE_IDENTIFIER = org.OperatorFoundation.Moonbounce.MacOS;
				PRODUCT_NAME = "$(TARGET_NAME)";
				PROVISIONING_PROFILE = "";
				PROVISIONING_PROFILE_SPECIFIER = "";
				SWIFT_OBJC_BRIDGING_HEADER = "Moonbounce/Moonbounce-Bridging-Header.h";
				SWIFT_OPTIMIZATION_LEVEL = "-Onone";
				SWIFT_VERSION = 5.0;
			};
			name = Debug;
		};
		467CB5C21DBEB6E90086E341 /* Release */ = {
			isa = XCBuildConfiguration;
			buildSettings = {
				ALWAYS_EMBED_SWIFT_STANDARD_LIBRARIES = YES;
				ASSETCATALOG_COMPILER_APPICON_NAME = AppIcon;
				CLANG_ENABLE_MODULES = YES;
				CODE_SIGN_ENTITLEMENTS = Moonbounce/Moonbounce.entitlements;
				CODE_SIGN_IDENTITY = "Apple Development";
				CODE_SIGN_STYLE = Automatic;
				COMBINE_HIDPI_IMAGES = YES;
				CURRENT_PROJECT_VERSION = 1;
				DEAD_CODE_STRIPPING = YES;
				DEVELOPMENT_TEAM = 67Y4NSLDQ3;
				ENABLE_HARDENED_RUNTIME = YES;
				GCC_SYMBOLS_PRIVATE_EXTERN = NO;
				GENERATE_INFOPLIST_FILE = YES;
				INFOPLIST_FILE = Moonbounce/Info.plist;
				INFOPLIST_KEY_CFBundleDisplayName = Moonbounce;
				INFOPLIST_KEY_LSApplicationCategoryType = "public.app-category.utilities";
				LD_RUNPATH_SEARCH_PATHS = (
					"$(inherited)",
					"@executable_path/../Frameworks",
				);
				LIBRARY_SEARCH_PATHS = (
					"$(inherited)",
					"$(PROJECT_DIR)",
				);
				MARKETING_VERSION = 1.0;
				PRODUCT_BUNDLE_IDENTIFIER = org.OperatorFoundation.Moonbounce.MacOS;
				PRODUCT_NAME = "$(TARGET_NAME)";
				PROVISIONING_PROFILE_SPECIFIER = "";
				SWIFT_OBJC_BRIDGING_HEADER = "Moonbounce/Moonbounce-Bridging-Header.h";
				SWIFT_VERSION = 5.0;
			};
			name = Release;
		};
		469B0A8121DEA5AB003FC2BC /* Debug */ = {
			isa = XCBuildConfiguration;
			buildSettings = {
				APPLICATION_EXTENSION_API_ONLY = YES;
				CLANG_ANALYZER_NUMBER_OBJECT_CONVERSION = YES_AGGRESSIVE;
				CLANG_CXX_LANGUAGE_STANDARD = "gnu++14";
				CLANG_ENABLE_MODULES = YES;
				CLANG_ENABLE_OBJC_WEAK = YES;
				CLANG_WARN_UNGUARDED_AVAILABILITY = YES_AGGRESSIVE;
				CODE_SIGN_ENTITLEMENTS = MoonbounceNetworkExtension/MoonbounceNetworkExtension.entitlements;
				CODE_SIGN_IDENTITY = "Apple Development";
				CODE_SIGN_STYLE = Automatic;
				DEAD_CODE_STRIPPING = YES;
				DEVELOPMENT_TEAM = 67Y4NSLDQ3;
				ENABLE_HARDENED_RUNTIME = YES;
				GCC_C_LANGUAGE_STANDARD = gnu11;
				GENERATE_INFOPLIST_FILE = YES;
				INFOPLIST_FILE = MoonbounceNetworkExtension/Info.plist;
				LD_RUNPATH_SEARCH_PATHS = (
					"$(inherited)",
					"@executable_path/../Frameworks",
					"@executable_path/../../../../Frameworks",
				);
				LIBRARY_SEARCH_PATHS = "";
				MACOSX_DEPLOYMENT_TARGET = 13.0;
				MTL_ENABLE_DEBUG_INFO = INCLUDE_SOURCE;
				MTL_FAST_MATH = YES;
				PRODUCT_BUNDLE_IDENTIFIER = org.OperatorFoundation.Moonbounce.MacOS.NetworkExtension;
				PRODUCT_NAME = "$(TARGET_NAME)";
				PROVISIONING_PROFILE_SPECIFIER = "";
				SKIP_INSTALL = YES;
				SWIFT_OBJC_BRIDGING_HEADER = "MoonbounceNetworkExtension/MoonbounceNetworkExtension-Bridging-Header.h";
				SWIFT_OPTIMIZATION_LEVEL = "-Onone";
				SWIFT_VERSION = 5.0;
			};
			name = Debug;
		};
		469B0A8221DEA5AB003FC2BC /* Release */ = {
			isa = XCBuildConfiguration;
			buildSettings = {
				APPLICATION_EXTENSION_API_ONLY = YES;
				CLANG_ANALYZER_NUMBER_OBJECT_CONVERSION = YES_AGGRESSIVE;
				CLANG_CXX_LANGUAGE_STANDARD = "gnu++14";
				CLANG_ENABLE_MODULES = YES;
				CLANG_ENABLE_OBJC_WEAK = YES;
				CLANG_WARN_UNGUARDED_AVAILABILITY = YES_AGGRESSIVE;
				CODE_SIGN_ENTITLEMENTS = MoonbounceNetworkExtension/MoonbounceNetworkExtension.entitlements;
				CODE_SIGN_IDENTITY = "Apple Development";
				CODE_SIGN_STYLE = Automatic;
				DEAD_CODE_STRIPPING = YES;
				DEVELOPMENT_TEAM = 67Y4NSLDQ3;
				ENABLE_HARDENED_RUNTIME = YES;
				GCC_C_LANGUAGE_STANDARD = gnu11;
				GENERATE_INFOPLIST_FILE = YES;
				INFOPLIST_FILE = MoonbounceNetworkExtension/Info.plist;
				LD_RUNPATH_SEARCH_PATHS = (
					"$(inherited)",
					"@executable_path/../Frameworks",
					"@executable_path/../../../../Frameworks",
				);
				LIBRARY_SEARCH_PATHS = "";
				MACOSX_DEPLOYMENT_TARGET = 13.0;
				MTL_FAST_MATH = YES;
				PRODUCT_BUNDLE_IDENTIFIER = org.OperatorFoundation.Moonbounce.MacOS.NetworkExtension;
				PRODUCT_NAME = "$(TARGET_NAME)";
				PROVISIONING_PROFILE_SPECIFIER = "";
				SKIP_INSTALL = YES;
				SWIFT_OBJC_BRIDGING_HEADER = "MoonbounceNetworkExtension/MoonbounceNetworkExtension-Bridging-Header.h";
				SWIFT_VERSION = 5.0;
			};
			name = Release;
		};
/* End XCBuildConfiguration section */

/* Begin XCConfigurationList section */
		464DA97121E80E80003460D0 /* Build configuration list for PBXNativeTarget "MoonbounceTests" */ = {
			isa = XCConfigurationList;
			buildConfigurations = (
				464DA95F21E80E80003460D0 /* Debug */,
				464DA96021E80E80003460D0 /* Release */,
			);
			defaultConfigurationIsVisible = 0;
			defaultConfigurationName = Release;
		};
		467CB5AE1DBEB6E90086E341 /* Build configuration list for PBXProject "Moonbounce" */ = {
			isa = XCConfigurationList;
			buildConfigurations = (
				467CB5BE1DBEB6E90086E341 /* Debug */,
				467CB5BF1DBEB6E90086E341 /* Release */,
			);
			defaultConfigurationIsVisible = 0;
			defaultConfigurationName = Release;
		};
		467CB5C01DBEB6E90086E341 /* Build configuration list for PBXNativeTarget "Moonbounce" */ = {
			isa = XCConfigurationList;
			buildConfigurations = (
				467CB5C11DBEB6E90086E341 /* Debug */,
				467CB5C21DBEB6E90086E341 /* Release */,
			);
			defaultConfigurationIsVisible = 0;
			defaultConfigurationName = Release;
		};
		469B0A9121DEA5AB003FC2BC /* Build configuration list for PBXNativeTarget "MoonbounceNetworkExtension" */ = {
			isa = XCConfigurationList;
			buildConfigurations = (
				469B0A8121DEA5AB003FC2BC /* Debug */,
				469B0A8221DEA5AB003FC2BC /* Release */,
			);
			defaultConfigurationIsVisible = 0;
			defaultConfigurationName = Release;
		};
/* End XCConfigurationList section */

/* Begin XCRemoteSwiftPackageReference section */
		DA3F5D7C29B26AFB001E62EB /* XCRemoteSwiftPackageReference "ShadowSwift" */ = {
			isa = XCRemoteSwiftPackageReference;
			repositoryURL = "https://github.com/OperatorFoundation/ShadowSwift";
			requirement = {
				branch = main;
				kind = branch;
			};
		};
		DA3F5D7F29B26BE2001E62EB /* XCRemoteSwiftPackageReference "Spacetime" */ = {
			isa = XCRemoteSwiftPackageReference;
			repositoryURL = "https://github.com/OperatorFoundation/Spacetime";
			requirement = {
				branch = main;
				kind = branch;
			};
		};
		DAE6D36928249DCE00BA71DA /* XCRemoteSwiftPackageReference "MoonbounceLibrary" */ = {
			isa = XCRemoteSwiftPackageReference;
			repositoryURL = "https://github.com/OperatorFoundation/MoonbounceLibrary";
			requirement = {
				branch = main;
				kind = branch;
			};
		};
		EF2017E22739BAD100465E0A /* XCRemoteSwiftPackageReference "swift-log" */ = {
			isa = XCRemoteSwiftPackageReference;
			repositoryURL = "https://github.com/apple/swift-log.git";
			requirement = {
				kind = upToNextMajorVersion;
				minimumVersion = 1.4.2;
			};
		};
		EF2D8C73292C0BAF00777928 /* XCRemoteSwiftPackageReference "Keychain" */ = {
			isa = XCRemoteSwiftPackageReference;
			repositoryURL = "https://github.com/OperatorFoundation/Keychain.git";
			requirement = {
				branch = main;
				kind = branch;
			};
		};
/* End XCRemoteSwiftPackageReference section */

/* Begin XCSwiftPackageProductDependency section */
		DA3F5D7D29B26AFB001E62EB /* ShadowSwift */ = {
			isa = XCSwiftPackageProductDependency;
			package = DA3F5D7C29B26AFB001E62EB /* XCRemoteSwiftPackageReference "ShadowSwift" */;
			productName = ShadowSwift;
		};
		DA3F5D8029B26BE2001E62EB /* Simulation */ = {
			isa = XCSwiftPackageProductDependency;
			package = DA3F5D7F29B26BE2001E62EB /* XCRemoteSwiftPackageReference "Spacetime" */;
			productName = Simulation;
		};
		DA3F5D8229B26BE2001E62EB /* Spacetime */ = {
			isa = XCSwiftPackageProductDependency;
			package = DA3F5D7F29B26BE2001E62EB /* XCRemoteSwiftPackageReference "Spacetime" */;
			productName = Spacetime;
		};
		DA3F5D8429B26BE2001E62EB /* Universe */ = {
			isa = XCSwiftPackageProductDependency;
			package = DA3F5D7F29B26BE2001E62EB /* XCRemoteSwiftPackageReference "Spacetime" */;
			productName = Universe;
		};
		DAE6D36A28249DCE00BA71DA /* MoonbounceLibrary */ = {
			isa = XCSwiftPackageProductDependency;
			package = DAE6D36928249DCE00BA71DA /* XCRemoteSwiftPackageReference "MoonbounceLibrary" */;
			productName = MoonbounceLibrary;
		};
		DAE6D36C28249DCE00BA71DA /* MoonbounceShared */ = {
			isa = XCSwiftPackageProductDependency;
			package = DAE6D36928249DCE00BA71DA /* XCRemoteSwiftPackageReference "MoonbounceLibrary" */;
			productName = MoonbounceShared;
		};
		DAE6D37428249DFC00BA71DA /* MoonbounceNetworkExtensionLibrary */ = {
			isa = XCSwiftPackageProductDependency;
			package = DAE6D36928249DCE00BA71DA /* XCRemoteSwiftPackageReference "MoonbounceLibrary" */;
			productName = MoonbounceNetworkExtensionLibrary;
		};
		DAE6D37628249DFC00BA71DA /* MoonbounceShared */ = {
			isa = XCSwiftPackageProductDependency;
			package = DAE6D36928249DCE00BA71DA /* XCRemoteSwiftPackageReference "MoonbounceLibrary" */;
			productName = MoonbounceShared;
		};
		EF2D8C74292C0BAF00777928 /* Keychain */ = {
			isa = XCSwiftPackageProductDependency;
			package = EF2D8C73292C0BAF00777928 /* XCRemoteSwiftPackageReference "Keychain" */;
			productName = Keychain;
		};
/* End XCSwiftPackageProductDependency section */
	};
	rootObject = 467CB5AB1DBEB6E90086E341 /* Project object */;
}
