// !$*UTF8*$!
{
	archiveVersion = 1;
	classes = {
	};
	objectVersion = 46;
	objects = {

/* Begin PBXBuildFile section */
		4614F2C21F59DE430017B1DD /* ServerController.swift in Sources */ = {isa = PBXBuildFile; fileRef = 4614F2C11F59DE430017B1DD /* ServerController.swift */; };
		4643055B1E0B088700B1DB78 /* ShapeshifterDispatcherController.swift in Sources */ = {isa = PBXBuildFile; fileRef = 4643055A1E0B088700B1DB78 /* ShapeshifterDispatcherController.swift */; };
		4643055F1E0B2FDF00B1DB78 /* LaunchTerraformScript.sh in Resources */ = {isa = PBXBuildFile; fileRef = 4643055E1E0B2FDF00B1DB78 /* LaunchTerraformScript.sh */; };
		464305621E0B369700B1DB78 /* TerraformController.swift in Sources */ = {isa = PBXBuildFile; fileRef = 464305611E0B369700B1DB78 /* TerraformController.swift */; };
		464DA8D621E6A149003460D0 /* ReplicantSwift.framework in Frameworks */ = {isa = PBXBuildFile; fileRef = 4678C2E621DEDE6600492768 /* ReplicantSwift.framework */; };
		465C4AAE1F4DF55400C15F50 /* shapeshifter-server in Resources */ = {isa = PBXBuildFile; fileRef = 465C4AAD1F4DF55400C15F50 /* shapeshifter-server */; };
		4672B8971DF60498008134E5 /* Globals.swift in Sources */ = {isa = PBXBuildFile; fileRef = 4672B8961DF60498008134E5 /* Globals.swift */; };
		4678C2FD21DFF5EC00492768 /* DNSResolver.swift in Sources */ = {isa = PBXBuildFile; fileRef = 4678C2FB21DFF5EB00492768 /* DNSResolver.swift */; };
		4678C2FE21DFF5EC00492768 /* ErrorNotifier.swift in Sources */ = {isa = PBXBuildFile; fileRef = 4678C2FC21DFF5EB00492768 /* ErrorNotifier.swift */; };
		4678C30121DFF5FA00492768 /* PacketTunnelSettingsGenerator.swift in Sources */ = {isa = PBXBuildFile; fileRef = 4678C30021DFF5FA00492768 /* PacketTunnelSettingsGenerator.swift */; };
		4678C30421DFF74800492768 /* NETunnelProviderProtocol+Extension.swift in Sources */ = {isa = PBXBuildFile; fileRef = 4678C30321DFF74800492768 /* NETunnelProviderProtocol+Extension.swift */; };
		4678C30521DFF74800492768 /* NETunnelProviderProtocol+Extension.swift in Sources */ = {isa = PBXBuildFile; fileRef = 4678C30321DFF74800492768 /* NETunnelProviderProtocol+Extension.swift */; };
		4678C30721DFF7A800492768 /* TunnelConfiguration.swift in Sources */ = {isa = PBXBuildFile; fileRef = 4678C30621DFF7A800492768 /* TunnelConfiguration.swift */; };
		4678C30821DFF7A800492768 /* TunnelConfiguration.swift in Sources */ = {isa = PBXBuildFile; fileRef = 4678C30621DFF7A800492768 /* TunnelConfiguration.swift */; };
		4678C30A21DFF7F100492768 /* InterfaceConfiguration.swift in Sources */ = {isa = PBXBuildFile; fileRef = 4678C30921DFF7F000492768 /* InterfaceConfiguration.swift */; };
		4678C30B21DFF7F100492768 /* InterfaceConfiguration.swift in Sources */ = {isa = PBXBuildFile; fileRef = 4678C30921DFF7F000492768 /* InterfaceConfiguration.swift */; };
		4678C30D21E0072200492768 /* PeerConfiguration.swift in Sources */ = {isa = PBXBuildFile; fileRef = 4678C30C21E0072200492768 /* PeerConfiguration.swift */; };
		4678C30E21E0072200492768 /* PeerConfiguration.swift in Sources */ = {isa = PBXBuildFile; fileRef = 4678C30C21E0072200492768 /* PeerConfiguration.swift */; };
		4678C31021E007B100492768 /* LegacyConfigMigration.swift in Sources */ = {isa = PBXBuildFile; fileRef = 4678C30F21E007B000492768 /* LegacyConfigMigration.swift */; };
		4678C31121E007B100492768 /* LegacyConfigMigration.swift in Sources */ = {isa = PBXBuildFile; fileRef = 4678C30F21E007B000492768 /* LegacyConfigMigration.swift */; };
		4678C31321E0081600492768 /* TunnelConfiguration+WgQuickConfig.swift in Sources */ = {isa = PBXBuildFile; fileRef = 4678C31221E0081600492768 /* TunnelConfiguration+WgQuickConfig.swift */; };
		4678C31421E0081600492768 /* TunnelConfiguration+WgQuickConfig.swift in Sources */ = {isa = PBXBuildFile; fileRef = 4678C31221E0081600492768 /* TunnelConfiguration+WgQuickConfig.swift */; };
		4678C31621E0087C00492768 /* Endpoint.swift in Sources */ = {isa = PBXBuildFile; fileRef = 4678C31521E0087C00492768 /* Endpoint.swift */; };
		4678C31721E0087C00492768 /* Endpoint.swift in Sources */ = {isa = PBXBuildFile; fileRef = 4678C31521E0087C00492768 /* Endpoint.swift */; };
		4678C31921E008A900492768 /* DNSServer.swift in Sources */ = {isa = PBXBuildFile; fileRef = 4678C31821E008A900492768 /* DNSServer.swift */; };
		4678C31A21E008A900492768 /* DNSServer.swift in Sources */ = {isa = PBXBuildFile; fileRef = 4678C31821E008A900492768 /* DNSServer.swift */; };
		4678C31C21E008E600492768 /* IPAddressRange.swift in Sources */ = {isa = PBXBuildFile; fileRef = 4678C31B21E008E600492768 /* IPAddressRange.swift */; };
		4678C31D21E008E600492768 /* IPAddressRange.swift in Sources */ = {isa = PBXBuildFile; fileRef = 4678C31B21E008E600492768 /* IPAddressRange.swift */; };
		4678C31F21E0091F00492768 /* String+ArrayConversion.swift in Sources */ = {isa = PBXBuildFile; fileRef = 4678C31E21E0091F00492768 /* String+ArrayConversion.swift */; };
		4678C32021E0091F00492768 /* String+ArrayConversion.swift in Sources */ = {isa = PBXBuildFile; fileRef = 4678C31E21E0091F00492768 /* String+ArrayConversion.swift */; };
		4678C32221E0096100492768 /* FileManager+Extension.swift in Sources */ = {isa = PBXBuildFile; fileRef = 4678C32121E0096100492768 /* FileManager+Extension.swift */; };
		4678C32321E0096100492768 /* FileManager+Extension.swift in Sources */ = {isa = PBXBuildFile; fileRef = 4678C32121E0096100492768 /* FileManager+Extension.swift */; };
		4678C32A21E009DF00492768 /* Logger.swift in Sources */ = {isa = PBXBuildFile; fileRef = 4678C32821E009DD00492768 /* Logger.swift */; };
		4678C32B21E009DF00492768 /* Logger.swift in Sources */ = {isa = PBXBuildFile; fileRef = 4678C32821E009DD00492768 /* Logger.swift */; };
		4678C32C21E009DF00492768 /* ringlogger.c in Sources */ = {isa = PBXBuildFile; fileRef = 4678C32921E009DE00492768 /* ringlogger.c */; };
		4678C32D21E009DF00492768 /* ringlogger.c in Sources */ = {isa = PBXBuildFile; fileRef = 4678C32921E009DE00492768 /* ringlogger.c */; };
		4678C33521E00E0700492768 /* Curve25519.swift in Sources */ = {isa = PBXBuildFile; fileRef = 4678C33221E00E0700492768 /* Curve25519.swift */; };
		4678C33621E00E0700492768 /* x25519.c in Sources */ = {isa = PBXBuildFile; fileRef = 4678C33421E00E0700492768 /* x25519.c */; };
		4678C36021E0232A00492768 /* NetworkExtension.framework in Frameworks */ = {isa = PBXBuildFile; fileRef = 4678C35F21E0232A00492768 /* NetworkExtension.framework */; };
		4678C36121E0234500492768 /* NetworkExtension.framework in Frameworks */ = {isa = PBXBuildFile; fileRef = 4678C35F21E0232A00492768 /* NetworkExtension.framework */; };
		467CB5B71DBEB6E90086E341 /* AppDelegate.swift in Sources */ = {isa = PBXBuildFile; fileRef = 467CB5B61DBEB6E90086E341 /* AppDelegate.swift */; };
		467CB5B91DBEB6E90086E341 /* Assets.xcassets in Resources */ = {isa = PBXBuildFile; fileRef = 467CB5B81DBEB6E90086E341 /* Assets.xcassets */; };
		467CB5BC1DBEB6E90086E341 /* MainMenu.xib in Resources */ = {isa = PBXBuildFile; fileRef = 467CB5BA1DBEB6E90086E341 /* MainMenu.xib */; };
		467CB5C51DBEB8CF0086E341 /* MoonbounceViewController.swift in Sources */ = {isa = PBXBuildFile; fileRef = 467CB5C31DBEB8CF0086E341 /* MoonbounceViewController.swift */; };
		467CB5C61DBEB8CF0086E341 /* MoonbounceViewController.xib in Resources */ = {isa = PBXBuildFile; fileRef = 467CB5C41DBEB8CF0086E341 /* MoonbounceViewController.xib */; };
		467CB5C91DBEB9730086E341 /* EventMonitor.swift in Sources */ = {isa = PBXBuildFile; fileRef = 467CB5C81DBEB9730086E341 /* EventMonitor.swift */; };
		468D4CAA1E11986F00BD80C4 /* vars in Resources */ = {isa = PBXBuildFile; fileRef = 468D4CA91E11986F00BD80C4 /* vars */; };
		469B0A4021DC1F5A003FC2BC /* terraform in Resources */ = {isa = PBXBuildFile; fileRef = 469B0A3F21DC1F5A003FC2BC /* terraform */; };
		469B0A6921DC3653003FC2BC /* ZIPFoundation.framework in Frameworks */ = {isa = PBXBuildFile; fileRef = 469B0A6821DC3653003FC2BC /* ZIPFoundation.framework */; };
		469B0A7B21DEA5AB003FC2BC /* PacketTunnelProvider.swift in Sources */ = {isa = PBXBuildFile; fileRef = 469B0A7A21DEA5AB003FC2BC /* PacketTunnelProvider.swift */; };
		469B0A8021DEA5AB003FC2BC /* MoonbounceNetworkExtension.appex in Embed App Extensions */ = {isa = PBXBuildFile; fileRef = 469B0A7821DEA5AB003FC2BC /* MoonbounceNetworkExtension.appex */; settings = {ATTRIBUTES = (RemoveHeadersOnCopy, ); }; };
		46C28E361E0DBA2F0024A61F /* DestroyTerraform.sh in Resources */ = {isa = PBXBuildFile; fileRef = 464305601E0B31F400B1DB78 /* DestroyTerraform.sh */; };
		46C6E4F221E3EEF1008D383B /* libwg-go.a in Frameworks */ = {isa = PBXBuildFile; fileRef = 46C6E4F121E3EEF1008D383B /* libwg-go.a */; };
		46C6E50B21E57098008D383B /* MockTunnels.swift in Sources */ = {isa = PBXBuildFile; fileRef = 46C6E50621E57097008D383B /* MockTunnels.swift */; };
		46C6E50C21E57098008D383B /* TunnelErrors.swift in Sources */ = {isa = PBXBuildFile; fileRef = 46C6E50721E57097008D383B /* TunnelErrors.swift */; };
		46C6E50D21E57098008D383B /* ActivateOnDemandSetting.swift in Sources */ = {isa = PBXBuildFile; fileRef = 46C6E50821E57098008D383B /* ActivateOnDemandSetting.swift */; };
		46C6E50E21E57098008D383B /* TunnelStatus.swift in Sources */ = {isa = PBXBuildFile; fileRef = 46C6E50921E57098008D383B /* TunnelStatus.swift */; };
		46C6E50F21E57098008D383B /* TunnelsManager.swift in Sources */ = {isa = PBXBuildFile; fileRef = 46C6E50A21E57098008D383B /* TunnelsManager.swift */; };
		46C6E51221E57313008D383B /* WireGuardResult.swift in Sources */ = {isa = PBXBuildFile; fileRef = 46C6E51021E57313008D383B /* WireGuardResult.swift */; };
		46C6E51321E57313008D383B /* WireGuardAppError.swift in Sources */ = {isa = PBXBuildFile; fileRef = 46C6E51121E57313008D383B /* WireGuardAppError.swift */; };
		46C6E51521E5747B008D383B /* MoonbounceStrings.swift in Sources */ = {isa = PBXBuildFile; fileRef = 46C6E51421E5747B008D383B /* MoonbounceStrings.swift */; };
		46C6E51721E67486008D383B /* Datable.framework in Frameworks */ = {isa = PBXBuildFile; fileRef = 469B0A8E21DEA5AB003FC2BC /* Datable.framework */; };
		46C6E51821E67491008D383B /* Replicant.framework in Frameworks */ = {isa = PBXBuildFile; fileRef = 4678C2E421DEDE6600492768 /* Replicant.framework */; };
		46EA2C7D1E241BB70069E5DE /* Default in Resources */ = {isa = PBXBuildFile; fileRef = 46EA2C7C1E241BB70069E5DE /* Default */; };
		B41FE02A1DF24BE900E02D17 /* Security.framework in Frameworks */ = {isa = PBXBuildFile; fileRef = B41FE0291DF24BE900E02D17 /* Security.framework */; };
		B41FE02C1DF24BF500E02D17 /* ServiceManagement.framework in Frameworks */ = {isa = PBXBuildFile; fileRef = B41FE02B1DF24BF500E02D17 /* ServiceManagement.framework */; };
		B44390591DC00EA000389352 /* PopoverContentView.swift in Sources */ = {isa = PBXBuildFile; fileRef = B44390581DC00EA000389352 /* PopoverContentView.swift */; };
		B4634E331EA15AF40069C1DE /* KeychainController.swift in Sources */ = {isa = PBXBuildFile; fileRef = B4634E321EA15AF40069C1DE /* KeychainController.swift */; };
		B4EF3E5D1E15C12700A5DDBD /* CustomButton.swift in Sources */ = {isa = PBXBuildFile; fileRef = B4EF3E5C1E15C12700A5DDBD /* CustomButton.swift */; };
/* End PBXBuildFile section */

/* Begin PBXContainerItemProxy section */
		4678C2E321DEDE6600492768 /* PBXContainerItemProxy */ = {
			isa = PBXContainerItemProxy;
			containerPortal = 469B0A4E21DC32C7003FC2BC /* MoonbounceDependencies.xcodeproj */;
			proxyType = 2;
			remoteGlobalIDString = "Shapeshifter-Swift-Transports::Replicant::Product";
			remoteInfo = Replicant;
		};
		4678C2E521DEDE6600492768 /* PBXContainerItemProxy */ = {
			isa = PBXContainerItemProxy;
			containerPortal = 469B0A4E21DC32C7003FC2BC /* MoonbounceDependencies.xcodeproj */;
			proxyType = 2;
			remoteGlobalIDString = "ReplicantSwift::ReplicantSwift::Product";
			remoteInfo = ReplicantSwift;
		};
		4678C2E721DEDE6600492768 /* PBXContainerItemProxy */ = {
			isa = PBXContainerItemProxy;
			containerPortal = 469B0A4E21DC32C7003FC2BC /* MoonbounceDependencies.xcodeproj */;
			proxyType = 2;
			remoteGlobalIDString = "Transport::Transport::Product";
			remoteInfo = Transport;
		};
		469B0A5521DC32C7003FC2BC /* PBXContainerItemProxy */ = {
			isa = PBXContainerItemProxy;
			containerPortal = 469B0A4E21DC32C7003FC2BC /* MoonbounceDependencies.xcodeproj */;
			proxyType = 2;
			remoteGlobalIDString = "MoonbounceDependencies::MoonbounceDependencies::Product";
			remoteInfo = MoonbounceDependencies;
		};
		469B0A5721DC32C7003FC2BC /* PBXContainerItemProxy */ = {
			isa = PBXContainerItemProxy;
			containerPortal = 469B0A4E21DC32C7003FC2BC /* MoonbounceDependencies.xcodeproj */;
			proxyType = 2;
			remoteGlobalIDString = "MoonbounceDependencies::MoonbounceDependenciesTests::Product";
			remoteInfo = MoonbounceDependenciesTests;
		};
		469B0A6721DC3653003FC2BC /* PBXContainerItemProxy */ = {
			isa = PBXContainerItemProxy;
			containerPortal = 469B0A4E21DC32C7003FC2BC /* MoonbounceDependencies.xcodeproj */;
			proxyType = 2;
			remoteGlobalIDString = "ZIPFoundation::ZIPFoundation::Product";
			remoteInfo = ZIPFoundation;
		};
		469B0A7E21DEA5AB003FC2BC /* PBXContainerItemProxy */ = {
			isa = PBXContainerItemProxy;
			containerPortal = 467CB5AB1DBEB6E90086E341 /* Project object */;
			proxyType = 1;
			remoteGlobalIDString = 469B0A7721DEA5AB003FC2BC;
			remoteInfo = MoonbounceNetworkExtension;
		};
		469B0A8D21DEA5AB003FC2BC /* PBXContainerItemProxy */ = {
			isa = PBXContainerItemProxy;
			containerPortal = 469B0A4E21DC32C7003FC2BC /* MoonbounceDependencies.xcodeproj */;
			proxyType = 2;
			remoteGlobalIDString = "Datable::Datable::Product";
			remoteInfo = Datable;
		};
		469B0A8F21DEA5AB003FC2BC /* PBXContainerItemProxy */ = {
			isa = PBXContainerItemProxy;
			containerPortal = 469B0A4E21DC32C7003FC2BC /* MoonbounceDependencies.xcodeproj */;
			proxyType = 2;
			remoteGlobalIDString = "INI::INI::Product";
			remoteInfo = INI;
		};
/* End PBXContainerItemProxy section */

/* Begin PBXCopyFilesBuildPhase section */
		469B0A9221DEA5AB003FC2BC /* Embed App Extensions */ = {
			isa = PBXCopyFilesBuildPhase;
			buildActionMask = 2147483647;
			dstPath = "";
			dstSubfolderSpec = 13;
			files = (
				469B0A8021DEA5AB003FC2BC /* MoonbounceNetworkExtension.appex in Embed App Extensions */,
			);
			name = "Embed App Extensions";
			runOnlyForDeploymentPostprocessing = 0;
		};
		B41FE0251DF10A0400E02D17 /* CopyFiles */ = {
			isa = PBXCopyFilesBuildPhase;
			buildActionMask = 2147483647;
			dstPath = Contents/Library/LaunchServices;
			dstSubfolderSpec = 1;
			files = (
			);
			runOnlyForDeploymentPostprocessing = 0;
		};
		B4A901811DD7C1430076DBF6 /* Embed Frameworks */ = {
			isa = PBXCopyFilesBuildPhase;
			buildActionMask = 2147483647;
			dstPath = "";
			dstSubfolderSpec = 10;
			files = (
			);
			name = "Embed Frameworks";
			runOnlyForDeploymentPostprocessing = 0;
		};
/* End PBXCopyFilesBuildPhase section */

/* Begin PBXFileReference section */
		4614F2C11F59DE430017B1DD /* ServerController.swift */ = {isa = PBXFileReference; fileEncoding = 4; lastKnownFileType = sourcecode.swift; name = ServerController.swift; path = Controllers/ServerController.swift; sourceTree = "<group>"; };
		4643055A1E0B088700B1DB78 /* ShapeshifterDispatcherController.swift */ = {isa = PBXFileReference; fileEncoding = 4; lastKnownFileType = sourcecode.swift; name = ShapeshifterDispatcherController.swift; path = Controllers/ShapeshifterDispatcherController.swift; sourceTree = "<group>"; };
		4643055E1E0B2FDF00B1DB78 /* LaunchTerraformScript.sh */ = {isa = PBXFileReference; fileEncoding = 4; lastKnownFileType = text.script.sh; name = LaunchTerraformScript.sh; path = Helpers/LaunchTerraformScript.sh; sourceTree = "<group>"; };
		464305601E0B31F400B1DB78 /* DestroyTerraform.sh */ = {isa = PBXFileReference; lastKnownFileType = text.script.sh; name = DestroyTerraform.sh; path = Helpers/DestroyTerraform.sh; sourceTree = "<group>"; };
		464305611E0B369700B1DB78 /* TerraformController.swift */ = {isa = PBXFileReference; fileEncoding = 4; lastKnownFileType = sourcecode.swift; name = TerraformController.swift; path = Controllers/TerraformController.swift; sourceTree = "<group>"; };
		465C4AAD1F4DF55400C15F50 /* shapeshifter-server */ = {isa = PBXFileReference; lastKnownFileType = folder; name = "shapeshifter-server"; path = "Helpers/shapeshifter-server"; sourceTree = "<group>"; };
		465F18F21DDA684600C8F1B8 /* Moonbounce.entitlements */ = {isa = PBXFileReference; lastKnownFileType = text.plist.entitlements; path = Moonbounce.entitlements; sourceTree = "<group>"; };
		4672B8961DF60498008134E5 /* Globals.swift */ = {isa = PBXFileReference; fileEncoding = 4; lastKnownFileType = sourcecode.swift; path = Globals.swift; sourceTree = "<group>"; };
		4678C2FB21DFF5EB00492768 /* DNSResolver.swift */ = {isa = PBXFileReference; fileEncoding = 4; lastKnownFileType = sourcecode.swift; path = DNSResolver.swift; sourceTree = "<group>"; };
		4678C2FC21DFF5EB00492768 /* ErrorNotifier.swift */ = {isa = PBXFileReference; fileEncoding = 4; lastKnownFileType = sourcecode.swift; path = ErrorNotifier.swift; sourceTree = "<group>"; };
		4678C30021DFF5FA00492768 /* PacketTunnelSettingsGenerator.swift */ = {isa = PBXFileReference; fileEncoding = 4; lastKnownFileType = sourcecode.swift; path = PacketTunnelSettingsGenerator.swift; sourceTree = "<group>"; };
		4678C30321DFF74800492768 /* NETunnelProviderProtocol+Extension.swift */ = {isa = PBXFileReference; fileEncoding = 4; lastKnownFileType = sourcecode.swift; path = "NETunnelProviderProtocol+Extension.swift"; sourceTree = "<group>"; };
		4678C30621DFF7A800492768 /* TunnelConfiguration.swift */ = {isa = PBXFileReference; fileEncoding = 4; lastKnownFileType = sourcecode.swift; path = TunnelConfiguration.swift; sourceTree = "<group>"; };
		4678C30921DFF7F000492768 /* InterfaceConfiguration.swift */ = {isa = PBXFileReference; fileEncoding = 4; lastKnownFileType = sourcecode.swift; path = InterfaceConfiguration.swift; sourceTree = "<group>"; };
		4678C30C21E0072200492768 /* PeerConfiguration.swift */ = {isa = PBXFileReference; fileEncoding = 4; lastKnownFileType = sourcecode.swift; path = PeerConfiguration.swift; sourceTree = "<group>"; };
		4678C30F21E007B000492768 /* LegacyConfigMigration.swift */ = {isa = PBXFileReference; fileEncoding = 4; lastKnownFileType = sourcecode.swift; path = LegacyConfigMigration.swift; sourceTree = "<group>"; };
		4678C31221E0081600492768 /* TunnelConfiguration+WgQuickConfig.swift */ = {isa = PBXFileReference; fileEncoding = 4; lastKnownFileType = sourcecode.swift; path = "TunnelConfiguration+WgQuickConfig.swift"; sourceTree = "<group>"; };
		4678C31521E0087C00492768 /* Endpoint.swift */ = {isa = PBXFileReference; fileEncoding = 4; lastKnownFileType = sourcecode.swift; path = Endpoint.swift; sourceTree = "<group>"; };
		4678C31821E008A900492768 /* DNSServer.swift */ = {isa = PBXFileReference; fileEncoding = 4; lastKnownFileType = sourcecode.swift; path = DNSServer.swift; sourceTree = "<group>"; };
		4678C31B21E008E600492768 /* IPAddressRange.swift */ = {isa = PBXFileReference; fileEncoding = 4; lastKnownFileType = sourcecode.swift; path = IPAddressRange.swift; sourceTree = "<group>"; };
		4678C31E21E0091F00492768 /* String+ArrayConversion.swift */ = {isa = PBXFileReference; fileEncoding = 4; lastKnownFileType = sourcecode.swift; path = "String+ArrayConversion.swift"; sourceTree = "<group>"; };
		4678C32121E0096100492768 /* FileManager+Extension.swift */ = {isa = PBXFileReference; fileEncoding = 4; lastKnownFileType = sourcecode.swift; path = "FileManager+Extension.swift"; sourceTree = "<group>"; };
		4678C32521E009DC00492768 /* Moonbounce-Bridging-Header.h */ = {isa = PBXFileReference; lastKnownFileType = sourcecode.c.h; path = "Moonbounce-Bridging-Header.h"; sourceTree = "<group>"; };
		4678C32621E009DC00492768 /* MoonbounceNetworkExtension-Bridging-Header.h */ = {isa = PBXFileReference; lastKnownFileType = sourcecode.c.h; path = "MoonbounceNetworkExtension-Bridging-Header.h"; sourceTree = "<group>"; };
		4678C32721E009DD00492768 /* ringlogger.h */ = {isa = PBXFileReference; fileEncoding = 4; lastKnownFileType = sourcecode.c.h; path = ringlogger.h; sourceTree = "<group>"; };
		4678C32821E009DD00492768 /* Logger.swift */ = {isa = PBXFileReference; fileEncoding = 4; lastKnownFileType = sourcecode.swift; path = Logger.swift; sourceTree = "<group>"; };
		4678C32921E009DE00492768 /* ringlogger.c */ = {isa = PBXFileReference; fileEncoding = 4; lastKnownFileType = sourcecode.c.c; path = ringlogger.c; sourceTree = "<group>"; };
		4678C33221E00E0700492768 /* Curve25519.swift */ = {isa = PBXFileReference; fileEncoding = 4; lastKnownFileType = sourcecode.swift; path = Curve25519.swift; sourceTree = "<group>"; };
		4678C33321E00E0700492768 /* x25519.h */ = {isa = PBXFileReference; fileEncoding = 4; lastKnownFileType = sourcecode.c.h; path = x25519.h; sourceTree = "<group>"; };
		4678C33421E00E0700492768 /* x25519.c */ = {isa = PBXFileReference; fileEncoding = 4; lastKnownFileType = sourcecode.c.c; path = x25519.c; sourceTree = "<group>"; };
		4678C35F21E0232A00492768 /* NetworkExtension.framework */ = {isa = PBXFileReference; lastKnownFileType = wrapper.framework; name = NetworkExtension.framework; path = System/Library/Frameworks/NetworkExtension.framework; sourceTree = SDKROOT; };
		467CB5B31DBEB6E90086E341 /* Moonbounce.app */ = {isa = PBXFileReference; explicitFileType = wrapper.application; includeInIndex = 0; path = Moonbounce.app; sourceTree = BUILT_PRODUCTS_DIR; };
		467CB5B61DBEB6E90086E341 /* AppDelegate.swift */ = {isa = PBXFileReference; lastKnownFileType = sourcecode.swift; path = AppDelegate.swift; sourceTree = "<group>"; };
		467CB5B81DBEB6E90086E341 /* Assets.xcassets */ = {isa = PBXFileReference; lastKnownFileType = folder.assetcatalog; path = Assets.xcassets; sourceTree = "<group>"; };
		467CB5BB1DBEB6E90086E341 /* Base */ = {isa = PBXFileReference; lastKnownFileType = file.xib; name = Base; path = Base.lproj/MainMenu.xib; sourceTree = "<group>"; };
		467CB5BD1DBEB6E90086E341 /* Info.plist */ = {isa = PBXFileReference; lastKnownFileType = text.plist.xml; path = Info.plist; sourceTree = "<group>"; };
		467CB5C31DBEB8CF0086E341 /* MoonbounceViewController.swift */ = {isa = PBXFileReference; fileEncoding = 4; lastKnownFileType = sourcecode.swift; name = MoonbounceViewController.swift; path = ViewControllers/MoonbounceViewController.swift; sourceTree = "<group>"; };
		467CB5C41DBEB8CF0086E341 /* MoonbounceViewController.xib */ = {isa = PBXFileReference; fileEncoding = 4; lastKnownFileType = file.xib; name = MoonbounceViewController.xib; path = ViewControllers/MoonbounceViewController.xib; sourceTree = "<group>"; };
		467CB5C81DBEB9730086E341 /* EventMonitor.swift */ = {isa = PBXFileReference; fileEncoding = 4; lastKnownFileType = sourcecode.swift; name = EventMonitor.swift; path = Helpers/EventMonitor.swift; sourceTree = "<group>"; };
		468D4CA91E11986F00BD80C4 /* vars */ = {isa = PBXFileReference; fileEncoding = 4; lastKnownFileType = text; path = vars; sourceTree = "<group>"; };
		469B0A3F21DC1F5A003FC2BC /* terraform */ = {isa = PBXFileReference; lastKnownFileType = "compiled.mach-o.executable"; path = terraform; sourceTree = "<group>"; };
		469B0A4E21DC32C7003FC2BC /* MoonbounceDependencies.xcodeproj */ = {isa = PBXFileReference; lastKnownFileType = "wrapper.pb-project"; name = MoonbounceDependencies.xcodeproj; path = MoonbounceDependencies/MoonbounceDependencies.xcodeproj; sourceTree = "<group>"; };
		469B0A7821DEA5AB003FC2BC /* MoonbounceNetworkExtension.appex */ = {isa = PBXFileReference; explicitFileType = "wrapper.app-extension"; includeInIndex = 0; path = MoonbounceNetworkExtension.appex; sourceTree = BUILT_PRODUCTS_DIR; };
		469B0A7A21DEA5AB003FC2BC /* PacketTunnelProvider.swift */ = {isa = PBXFileReference; lastKnownFileType = sourcecode.swift; path = PacketTunnelProvider.swift; sourceTree = "<group>"; };
		469B0A7C21DEA5AB003FC2BC /* Info.plist */ = {isa = PBXFileReference; lastKnownFileType = text.plist.xml; path = Info.plist; sourceTree = "<group>"; };
		469B0A7D21DEA5AB003FC2BC /* MoonbounceNetworkExtension.entitlements */ = {isa = PBXFileReference; lastKnownFileType = text.plist.entitlements; path = MoonbounceNetworkExtension.entitlements; sourceTree = "<group>"; };
		46C6E4F121E3EEF1008D383B /* libwg-go.a */ = {isa = PBXFileReference; lastKnownFileType = archive.ar; name = "libwg-go.a"; path = "wireguard-go-bridge/out/libwg-go.a"; sourceTree = "<group>"; };
		46C6E50621E57097008D383B /* MockTunnels.swift */ = {isa = PBXFileReference; fileEncoding = 4; lastKnownFileType = sourcecode.swift; path = MockTunnels.swift; sourceTree = "<group>"; };
		46C6E50721E57097008D383B /* TunnelErrors.swift */ = {isa = PBXFileReference; fileEncoding = 4; lastKnownFileType = sourcecode.swift; path = TunnelErrors.swift; sourceTree = "<group>"; };
		46C6E50821E57098008D383B /* ActivateOnDemandSetting.swift */ = {isa = PBXFileReference; fileEncoding = 4; lastKnownFileType = sourcecode.swift; path = ActivateOnDemandSetting.swift; sourceTree = "<group>"; };
		46C6E50921E57098008D383B /* TunnelStatus.swift */ = {isa = PBXFileReference; fileEncoding = 4; lastKnownFileType = sourcecode.swift; path = TunnelStatus.swift; sourceTree = "<group>"; };
		46C6E50A21E57098008D383B /* TunnelsManager.swift */ = {isa = PBXFileReference; fileEncoding = 4; lastKnownFileType = sourcecode.swift; path = TunnelsManager.swift; sourceTree = "<group>"; };
		46C6E51021E57313008D383B /* WireGuardResult.swift */ = {isa = PBXFileReference; fileEncoding = 4; lastKnownFileType = sourcecode.swift; path = WireGuardResult.swift; sourceTree = "<group>"; };
		46C6E51121E57313008D383B /* WireGuardAppError.swift */ = {isa = PBXFileReference; fileEncoding = 4; lastKnownFileType = sourcecode.swift; path = WireGuardAppError.swift; sourceTree = "<group>"; };
		46C6E51421E5747B008D383B /* MoonbounceStrings.swift */ = {isa = PBXFileReference; lastKnownFileType = sourcecode.swift; path = MoonbounceStrings.swift; sourceTree = "<group>"; };
		46EA2C7C1E241BB70069E5DE /* Default */ = {isa = PBXFileReference; lastKnownFileType = folder; path = Default; sourceTree = "<group>"; };
		B41FE0291DF24BE900E02D17 /* Security.framework */ = {isa = PBXFileReference; lastKnownFileType = wrapper.framework; name = Security.framework; path = System/Library/Frameworks/Security.framework; sourceTree = SDKROOT; };
		B41FE02B1DF24BF500E02D17 /* ServiceManagement.framework */ = {isa = PBXFileReference; lastKnownFileType = wrapper.framework; name = ServiceManagement.framework; path = System/Library/Frameworks/ServiceManagement.framework; sourceTree = SDKROOT; };
		B44390581DC00EA000389352 /* PopoverContentView.swift */ = {isa = PBXFileReference; fileEncoding = 4; lastKnownFileType = sourcecode.swift; name = PopoverContentView.swift; path = Helpers/PopoverContentView.swift; sourceTree = "<group>"; };
		B4634E321EA15AF40069C1DE /* KeychainController.swift */ = {isa = PBXFileReference; fileEncoding = 4; lastKnownFileType = sourcecode.swift; name = KeychainController.swift; path = Controllers/KeychainController.swift; sourceTree = "<group>"; };
		B4EF3E5C1E15C12700A5DDBD /* CustomButton.swift */ = {isa = PBXFileReference; fileEncoding = 4; lastKnownFileType = sourcecode.swift; name = CustomButton.swift; path = Helpers/CustomButton.swift; sourceTree = "<group>"; };
/* End PBXFileReference section */

/* Begin PBXFrameworksBuildPhase section */
		467CB5B01DBEB6E90086E341 /* Frameworks */ = {
			isa = PBXFrameworksBuildPhase;
			buildActionMask = 2147483647;
			files = (
				464DA8D621E6A149003460D0 /* ReplicantSwift.framework in Frameworks */,
				46C6E51821E67491008D383B /* Replicant.framework in Frameworks */,
				46C6E51721E67486008D383B /* Datable.framework in Frameworks */,
				469B0A6921DC3653003FC2BC /* ZIPFoundation.framework in Frameworks */,
				4678C36121E0234500492768 /* NetworkExtension.framework in Frameworks */,
				B41FE02C1DF24BF500E02D17 /* ServiceManagement.framework in Frameworks */,
				B41FE02A1DF24BE900E02D17 /* Security.framework in Frameworks */,
			);
			runOnlyForDeploymentPostprocessing = 0;
		};
		469B0A7521DEA5AB003FC2BC /* Frameworks */ = {
			isa = PBXFrameworksBuildPhase;
			buildActionMask = 2147483647;
			files = (
				46C6E4F221E3EEF1008D383B /* libwg-go.a in Frameworks */,
				4678C36021E0232A00492768 /* NetworkExtension.framework in Frameworks */,
			);
			runOnlyForDeploymentPostprocessing = 0;
		};
/* End PBXFrameworksBuildPhase section */

/* Begin PBXGroup section */
		4678C30221DFF70700492768 /* Shared */ = {
			isa = PBXGroup;
			children = (
				4678C32421E0099600492768 /* Logging */,
				4678C32121E0096100492768 /* FileManager+Extension.swift */,
				4678C31E21E0091F00492768 /* String+ArrayConversion.swift */,
				4678C31B21E008E600492768 /* IPAddressRange.swift */,
				4678C31821E008A900492768 /* DNSServer.swift */,
				4678C31521E0087C00492768 /* Endpoint.swift */,
				4678C31221E0081600492768 /* TunnelConfiguration+WgQuickConfig.swift */,
				4678C30F21E007B000492768 /* LegacyConfigMigration.swift */,
				4678C30C21E0072200492768 /* PeerConfiguration.swift */,
				4678C30921DFF7F000492768 /* InterfaceConfiguration.swift */,
				4678C30621DFF7A800492768 /* TunnelConfiguration.swift */,
				4678C30321DFF74800492768 /* NETunnelProviderProtocol+Extension.swift */,
			);
			path = Shared;
			sourceTree = "<group>";
		};
		4678C32421E0099600492768 /* Logging */ = {
			isa = PBXGroup;
			children = (
				4678C32821E009DD00492768 /* Logger.swift */,
				4678C32921E009DE00492768 /* ringlogger.c */,
				4678C32721E009DD00492768 /* ringlogger.h */,
			);
			path = Logging;
			sourceTree = "<group>";
		};
		4678C33021E00DBC00492768 /* WireGuard */ = {
			isa = PBXGroup;
			children = (
				46C6E51121E57313008D383B /* WireGuardAppError.swift */,
				46C6E51021E57313008D383B /* WireGuardResult.swift */,
				46C6E50521E5704F008D383B /* Tunnel */,
				4678C33121E00DD600492768 /* Crypto */,
				4678C30221DFF70700492768 /* Shared */,
			);
			path = WireGuard;
			sourceTree = "<group>";
		};
		4678C33121E00DD600492768 /* Crypto */ = {
			isa = PBXGroup;
			children = (
				4678C33221E00E0700492768 /* Curve25519.swift */,
				4678C33421E00E0700492768 /* x25519.c */,
				4678C33321E00E0700492768 /* x25519.h */,
			);
			path = Crypto;
			sourceTree = "<group>";
		};
		467CB5AA1DBEB6E90086E341 = {
			isa = PBXGroup;
			children = (
				4678C33021E00DBC00492768 /* WireGuard */,
				467CB5B51DBEB6E90086E341 /* Moonbounce */,
				469B0A7921DEA5AB003FC2BC /* MoonbounceNetworkExtension */,
				467CB5B41DBEB6E90086E341 /* Products */,
				D1943F52C69C7904415E81F0 /* Frameworks */,
				469B0A4E21DC32C7003FC2BC /* MoonbounceDependencies.xcodeproj */,
			);
			sourceTree = "<group>";
		};
		467CB5B41DBEB6E90086E341 /* Products */ = {
			isa = PBXGroup;
			children = (
				467CB5B31DBEB6E90086E341 /* Moonbounce.app */,
				469B0A7821DEA5AB003FC2BC /* MoonbounceNetworkExtension.appex */,
			);
			name = Products;
			sourceTree = "<group>";
		};
		467CB5B51DBEB6E90086E341 /* Moonbounce */ = {
			isa = PBXGroup;
			children = (
				465F18F21DDA684600C8F1B8 /* Moonbounce.entitlements */,
				B4646E481DCBA937007C3EFA /* Controllers */,
				467CB5C71DBEB8DE0086E341 /* ViewControllers */,
				467CB5CA1DBEB9790086E341 /* Helpers */,
				4678C32521E009DC00492768 /* Moonbounce-Bridging-Header.h */,
				467CB5B61DBEB6E90086E341 /* AppDelegate.swift */,
				4672B8961DF60498008134E5 /* Globals.swift */,
				467CB5B81DBEB6E90086E341 /* Assets.xcassets */,
				467CB5BA1DBEB6E90086E341 /* MainMenu.xib */,
				467CB5BD1DBEB6E90086E341 /* Info.plist */,
				46C6E51421E5747B008D383B /* MoonbounceStrings.swift */,
			);
			path = Moonbounce;
			sourceTree = "<group>";
		};
		467CB5C71DBEB8DE0086E341 /* ViewControllers */ = {
			isa = PBXGroup;
			children = (
				467CB5C31DBEB8CF0086E341 /* MoonbounceViewController.swift */,
				467CB5C41DBEB8CF0086E341 /* MoonbounceViewController.xib */,
			);
			name = ViewControllers;
			sourceTree = "<group>";
		};
		467CB5CA1DBEB9790086E341 /* Helpers */ = {
			isa = PBXGroup;
			children = (
				465C4AAD1F4DF55400C15F50 /* shapeshifter-server */,
				46EA2C7C1E241BB70069E5DE /* Default */,
				468D4CA91E11986F00BD80C4 /* vars */,
				469B0A3F21DC1F5A003FC2BC /* terraform */,
				467CB5C81DBEB9730086E341 /* EventMonitor.swift */,
				B44390581DC00EA000389352 /* PopoverContentView.swift */,
				4643055E1E0B2FDF00B1DB78 /* LaunchTerraformScript.sh */,
				464305601E0B31F400B1DB78 /* DestroyTerraform.sh */,
				B4EF3E5C1E15C12700A5DDBD /* CustomButton.swift */,
			);
			name = Helpers;
			sourceTree = "<group>";
		};
		469B0A4F21DC32C7003FC2BC /* Products */ = {
			isa = PBXGroup;
			children = (
				469B0A8E21DEA5AB003FC2BC /* Datable.framework */,
				469B0A9021DEA5AB003FC2BC /* INI.framework */,
				469B0A5621DC32C7003FC2BC /* MoonbounceDependencies.framework */,
				469B0A5821DC32C7003FC2BC /* MoonbounceDependenciesTests.xctest */,
				4678C2E421DEDE6600492768 /* Replicant.framework */,
				4678C2E621DEDE6600492768 /* ReplicantSwift.framework */,
				4678C2E821DEDE6600492768 /* Transport.framework */,
				469B0A6821DC3653003FC2BC /* ZIPFoundation.framework */,
			);
			name = Products;
			sourceTree = "<group>";
		};
		469B0A7921DEA5AB003FC2BC /* MoonbounceNetworkExtension */ = {
			isa = PBXGroup;
			children = (
				4678C30021DFF5FA00492768 /* PacketTunnelSettingsGenerator.swift */,
				4678C32621E009DC00492768 /* MoonbounceNetworkExtension-Bridging-Header.h */,
				4678C2FB21DFF5EB00492768 /* DNSResolver.swift */,
				4678C2FC21DFF5EB00492768 /* ErrorNotifier.swift */,
				469B0A7A21DEA5AB003FC2BC /* PacketTunnelProvider.swift */,
				469B0A7C21DEA5AB003FC2BC /* Info.plist */,
				469B0A7D21DEA5AB003FC2BC /* MoonbounceNetworkExtension.entitlements */,
			);
			path = MoonbounceNetworkExtension;
			sourceTree = "<group>";
		};
		46C6E50521E5704F008D383B /* Tunnel */ = {
			isa = PBXGroup;
			children = (
				46C6E50821E57098008D383B /* ActivateOnDemandSetting.swift */,
				46C6E50621E57097008D383B /* MockTunnels.swift */,
				46C6E50721E57097008D383B /* TunnelErrors.swift */,
				46C6E50A21E57098008D383B /* TunnelsManager.swift */,
				46C6E50921E57098008D383B /* TunnelStatus.swift */,
			);
			path = Tunnel;
			sourceTree = "<group>";
		};
		B4646E481DCBA937007C3EFA /* Controllers */ = {
			isa = PBXGroup;
			children = (
				4643055A1E0B088700B1DB78 /* ShapeshifterDispatcherController.swift */,
				464305611E0B369700B1DB78 /* TerraformController.swift */,
				B4634E321EA15AF40069C1DE /* KeychainController.swift */,
				4614F2C11F59DE430017B1DD /* ServerController.swift */,
			);
			name = Controllers;
			sourceTree = "<group>";
		};
		D1943F52C69C7904415E81F0 /* Frameworks */ = {
			isa = PBXGroup;
			children = (
				46C6E4F121E3EEF1008D383B /* libwg-go.a */,
				4678C35F21E0232A00492768 /* NetworkExtension.framework */,
				B41FE02B1DF24BF500E02D17 /* ServiceManagement.framework */,
				B41FE0291DF24BE900E02D17 /* Security.framework */,
			);
			name = Frameworks;
			sourceTree = "<group>";
		};
/* End PBXGroup section */

/* Begin PBXLegacyTarget section */
		4678C34A21E0158200492768 /* WireGuardGoBridge */ = {
			isa = PBXLegacyTarget;
			buildArgumentsString = "";
			buildConfigurationList = 4678C34B21E0158200492768 /* Build configuration list for PBXLegacyTarget "WireGuardGoBridge" */;
			buildPhases = (
			);
			buildToolPath = /usr/bin/make;
			buildWorkingDirectory = "/Users/Lita/Documents/Documents-AdelitaMacBookPro/Dev/Moonbounce/wireguard-go-bridge";
			dependencies = (
			);
			name = WireGuardGoBridge;
			passBuildSettingsInEnvironment = 0;
			productName = WireGuardGoBridge;
		};
/* End PBXLegacyTarget section */

/* Begin PBXNativeTarget section */
		467CB5B21DBEB6E90086E341 /* Moonbounce */ = {
			isa = PBXNativeTarget;
			buildConfigurationList = 467CB5C01DBEB6E90086E341 /* Build configuration list for PBXNativeTarget "Moonbounce" */;
			buildPhases = (
				467CB5AF1DBEB6E90086E341 /* Sources */,
				467CB5B01DBEB6E90086E341 /* Frameworks */,
				467CB5B11DBEB6E90086E341 /* Resources */,
				B4A901811DD7C1430076DBF6 /* Embed Frameworks */,
				B41FE0251DF10A0400E02D17 /* CopyFiles */,
				469B0A9221DEA5AB003FC2BC /* Embed App Extensions */,
			);
			buildRules = (
			);
			dependencies = (
				469B0A7F21DEA5AB003FC2BC /* PBXTargetDependency */,
			);
			name = Moonbounce;
			productName = Moonbounce;
			productReference = 467CB5B31DBEB6E90086E341 /* Moonbounce.app */;
			productType = "com.apple.product-type.application";
		};
		469B0A7721DEA5AB003FC2BC /* MoonbounceNetworkExtension */ = {
			isa = PBXNativeTarget;
			buildConfigurationList = 469B0A9121DEA5AB003FC2BC /* Build configuration list for PBXNativeTarget "MoonbounceNetworkExtension" */;
			buildPhases = (
				469B0A7421DEA5AB003FC2BC /* Sources */,
				469B0A7521DEA5AB003FC2BC /* Frameworks */,
				469B0A7621DEA5AB003FC2BC /* Resources */,
				467BD31821E3D90C00431089 /* Extract wireguard-go Version */,
			);
			buildRules = (
			);
			dependencies = (
			);
			name = MoonbounceNetworkExtension;
			productName = MoonbounceNetworkExtension;
			productReference = 469B0A7821DEA5AB003FC2BC /* MoonbounceNetworkExtension.appex */;
			productType = "com.apple.product-type.app-extension";
		};
/* End PBXNativeTarget section */

/* Begin PBXProject section */
		467CB5AB1DBEB6E90086E341 /* Project object */ = {
			isa = PBXProject;
			attributes = {
				LastSwiftUpdateCheck = 1010;
				LastUpgradeCheck = 1010;
				ORGANIZATIONNAME = operatorfoundation.org;
				TargetAttributes = {
					4678C34A21E0158200492768 = {
						CreatedOnToolsVersion = 10.1;
						DevelopmentTeam = 67Y4NSLDQ3;
						ProvisioningStyle = Automatic;
					};
					467CB5B21DBEB6E90086E341 = {
						CreatedOnToolsVersion = 8.0;
						DevelopmentTeam = 67Y4NSLDQ3;
						LastSwiftMigration = 1010;
						ProvisioningStyle = Automatic;
						SystemCapabilities = {
							com.apple.ApplicationGroups.Mac = {
								enabled = 1;
							};
							com.apple.Keychain = {
								enabled = 1;
							};
							com.apple.NetworkExtensions = {
								enabled = 1;
							};
							com.apple.Sandbox = {
								enabled = 1;
							};
							com.apple.VPNLite = {
								enabled = 0;
							};
						};
					};
					469B0A7721DEA5AB003FC2BC = {
						CreatedOnToolsVersion = 10.1;
						DevelopmentTeam = 67Y4NSLDQ3;
						LastSwiftMigration = 1010;
						ProvisioningStyle = Automatic;
						SystemCapabilities = {
							com.apple.ApplicationGroups.Mac = {
								enabled = 1;
							};
							com.apple.Keychain = {
								enabled = 1;
							};
							com.apple.NetworkExtensions = {
								enabled = 1;
							};
						};
					};
				};
			};
			buildConfigurationList = 467CB5AE1DBEB6E90086E341 /* Build configuration list for PBXProject "Moonbounce" */;
			compatibilityVersion = "Xcode 3.2";
			developmentRegion = English;
			hasScannedForEncodings = 0;
			knownRegions = (
				en,
				Base,
			);
			mainGroup = 467CB5AA1DBEB6E90086E341;
			productRefGroup = 467CB5B41DBEB6E90086E341 /* Products */;
			projectDirPath = "";
			projectReferences = (
				{
					ProductGroup = 469B0A4F21DC32C7003FC2BC /* Products */;
					ProjectRef = 469B0A4E21DC32C7003FC2BC /* MoonbounceDependencies.xcodeproj */;
				},
			);
			projectRoot = "";
			targets = (
				467CB5B21DBEB6E90086E341 /* Moonbounce */,
				469B0A7721DEA5AB003FC2BC /* MoonbounceNetworkExtension */,
				4678C34A21E0158200492768 /* WireGuardGoBridge */,
			);
		};
/* End PBXProject section */

/* Begin PBXReferenceProxy section */
		4678C2E421DEDE6600492768 /* Replicant.framework */ = {
			isa = PBXReferenceProxy;
			fileType = wrapper.framework;
			path = Replicant.framework;
			remoteRef = 4678C2E321DEDE6600492768 /* PBXContainerItemProxy */;
			sourceTree = BUILT_PRODUCTS_DIR;
		};
		4678C2E621DEDE6600492768 /* ReplicantSwift.framework */ = {
			isa = PBXReferenceProxy;
			fileType = wrapper.framework;
			path = ReplicantSwift.framework;
			remoteRef = 4678C2E521DEDE6600492768 /* PBXContainerItemProxy */;
			sourceTree = BUILT_PRODUCTS_DIR;
		};
		4678C2E821DEDE6600492768 /* Transport.framework */ = {
			isa = PBXReferenceProxy;
			fileType = wrapper.framework;
			path = Transport.framework;
			remoteRef = 4678C2E721DEDE6600492768 /* PBXContainerItemProxy */;
			sourceTree = BUILT_PRODUCTS_DIR;
		};
		469B0A5621DC32C7003FC2BC /* MoonbounceDependencies.framework */ = {
			isa = PBXReferenceProxy;
			fileType = wrapper.framework;
			path = MoonbounceDependencies.framework;
			remoteRef = 469B0A5521DC32C7003FC2BC /* PBXContainerItemProxy */;
			sourceTree = BUILT_PRODUCTS_DIR;
		};
		469B0A5821DC32C7003FC2BC /* MoonbounceDependenciesTests.xctest */ = {
			isa = PBXReferenceProxy;
			fileType = file;
			path = MoonbounceDependenciesTests.xctest;
			remoteRef = 469B0A5721DC32C7003FC2BC /* PBXContainerItemProxy */;
			sourceTree = BUILT_PRODUCTS_DIR;
		};
		469B0A6821DC3653003FC2BC /* ZIPFoundation.framework */ = {
			isa = PBXReferenceProxy;
			fileType = wrapper.framework;
			path = ZIPFoundation.framework;
			remoteRef = 469B0A6721DC3653003FC2BC /* PBXContainerItemProxy */;
			sourceTree = BUILT_PRODUCTS_DIR;
		};
		469B0A8E21DEA5AB003FC2BC /* Datable.framework */ = {
			isa = PBXReferenceProxy;
			fileType = wrapper.framework;
			path = Datable.framework;
			remoteRef = 469B0A8D21DEA5AB003FC2BC /* PBXContainerItemProxy */;
			sourceTree = BUILT_PRODUCTS_DIR;
		};
		469B0A9021DEA5AB003FC2BC /* INI.framework */ = {
			isa = PBXReferenceProxy;
			fileType = wrapper.framework;
			path = INI.framework;
			remoteRef = 469B0A8F21DEA5AB003FC2BC /* PBXContainerItemProxy */;
			sourceTree = BUILT_PRODUCTS_DIR;
		};
/* End PBXReferenceProxy section */

/* Begin PBXResourcesBuildPhase section */
		467CB5B11DBEB6E90086E341 /* Resources */ = {
			isa = PBXResourcesBuildPhase;
			buildActionMask = 2147483647;
			files = (
				468D4CAA1E11986F00BD80C4 /* vars in Resources */,
				469B0A4021DC1F5A003FC2BC /* terraform in Resources */,
				46C28E361E0DBA2F0024A61F /* DestroyTerraform.sh in Resources */,
				46EA2C7D1E241BB70069E5DE /* Default in Resources */,
				465C4AAE1F4DF55400C15F50 /* shapeshifter-server in Resources */,
				467CB5C61DBEB8CF0086E341 /* MoonbounceViewController.xib in Resources */,
				467CB5B91DBEB6E90086E341 /* Assets.xcassets in Resources */,
				467CB5BC1DBEB6E90086E341 /* MainMenu.xib in Resources */,
				4643055F1E0B2FDF00B1DB78 /* LaunchTerraformScript.sh in Resources */,
			);
			runOnlyForDeploymentPostprocessing = 0;
		};
		469B0A7621DEA5AB003FC2BC /* Resources */ = {
			isa = PBXResourcesBuildPhase;
			buildActionMask = 2147483647;
			files = (
			);
			runOnlyForDeploymentPostprocessing = 0;
		};
/* End PBXResourcesBuildPhase section */

/* Begin PBXShellScriptBuildPhase section */
		467BD31821E3D90C00431089 /* Extract wireguard-go Version */ = {
			isa = PBXShellScriptBuildPhase;
			buildActionMask = 2147483647;
			files = (
			);
			inputFileListPaths = (
			);
			inputPaths = (
			);
			name = "Extract wireguard-go Version";
			outputFileListPaths = (
			);
			outputPaths = (
			);
			runOnlyForDeploymentPostprocessing = 0;
			shellPath = /bin/sh;
			shellScript = "# Type a script or drag a script file from your workspace to insert its path.\nexec make -C \"$PROJECT_DIR/wireguard-go-bridge\" version-header\n";
		};
/* End PBXShellScriptBuildPhase section */

/* Begin PBXSourcesBuildPhase section */
		467CB5AF1DBEB6E90086E341 /* Sources */ = {
			isa = PBXSourcesBuildPhase;
			buildActionMask = 2147483647;
			files = (
				4678C31C21E008E600492768 /* IPAddressRange.swift in Sources */,
				46C6E50D21E57098008D383B /* ActivateOnDemandSetting.swift in Sources */,
				4678C32A21E009DF00492768 /* Logger.swift in Sources */,
				4678C30421DFF74800492768 /* NETunnelProviderProtocol+Extension.swift in Sources */,
				4614F2C21F59DE430017B1DD /* ServerController.swift in Sources */,
				B4EF3E5D1E15C12700A5DDBD /* CustomButton.swift in Sources */,
				4678C33621E00E0700492768 /* x25519.c in Sources */,
				46C6E51321E57313008D383B /* WireGuardAppError.swift in Sources */,
				46C6E50F21E57098008D383B /* TunnelsManager.swift in Sources */,
				B44390591DC00EA000389352 /* PopoverContentView.swift in Sources */,
				46C6E50B21E57098008D383B /* MockTunnels.swift in Sources */,
				4678C33521E00E0700492768 /* Curve25519.swift in Sources */,
				4678C32221E0096100492768 /* FileManager+Extension.swift in Sources */,
				46C6E51221E57313008D383B /* WireGuardResult.swift in Sources */,
				4678C31921E008A900492768 /* DNSServer.swift in Sources */,
				4643055B1E0B088700B1DB78 /* ShapeshifterDispatcherController.swift in Sources */,
				464305621E0B369700B1DB78 /* TerraformController.swift in Sources */,
				4678C30D21E0072200492768 /* PeerConfiguration.swift in Sources */,
				467CB5C91DBEB9730086E341 /* EventMonitor.swift in Sources */,
				4678C31021E007B100492768 /* LegacyConfigMigration.swift in Sources */,
				467CB5B71DBEB6E90086E341 /* AppDelegate.swift in Sources */,
				4678C30A21DFF7F100492768 /* InterfaceConfiguration.swift in Sources */,
				B4634E331EA15AF40069C1DE /* KeychainController.swift in Sources */,
				4678C31F21E0091F00492768 /* String+ArrayConversion.swift in Sources */,
				46C6E51521E5747B008D383B /* MoonbounceStrings.swift in Sources */,
				46C6E50C21E57098008D383B /* TunnelErrors.swift in Sources */,
				4678C31321E0081600492768 /* TunnelConfiguration+WgQuickConfig.swift in Sources */,
				467CB5C51DBEB8CF0086E341 /* MoonbounceViewController.swift in Sources */,
				4678C32C21E009DF00492768 /* ringlogger.c in Sources */,
				4678C30721DFF7A800492768 /* TunnelConfiguration.swift in Sources */,
				4678C31621E0087C00492768 /* Endpoint.swift in Sources */,
				4672B8971DF60498008134E5 /* Globals.swift in Sources */,
				46C6E50E21E57098008D383B /* TunnelStatus.swift in Sources */,
			);
			runOnlyForDeploymentPostprocessing = 0;
		};
		469B0A7421DEA5AB003FC2BC /* Sources */ = {
			isa = PBXSourcesBuildPhase;
			buildActionMask = 2147483647;
			files = (
				4678C31D21E008E600492768 /* IPAddressRange.swift in Sources */,
				4678C30121DFF5FA00492768 /* PacketTunnelSettingsGenerator.swift in Sources */,
				4678C32D21E009DF00492768 /* ringlogger.c in Sources */,
				4678C2FE21DFF5EC00492768 /* ErrorNotifier.swift in Sources */,
				4678C31421E0081600492768 /* TunnelConfiguration+WgQuickConfig.swift in Sources */,
				4678C31121E007B100492768 /* LegacyConfigMigration.swift in Sources */,
				469B0A7B21DEA5AB003FC2BC /* PacketTunnelProvider.swift in Sources */,
				4678C2FD21DFF5EC00492768 /* DNSResolver.swift in Sources */,
				4678C32B21E009DF00492768 /* Logger.swift in Sources */,
				4678C30821DFF7A800492768 /* TunnelConfiguration.swift in Sources */,
				4678C30B21DFF7F100492768 /* InterfaceConfiguration.swift in Sources */,
				4678C30E21E0072200492768 /* PeerConfiguration.swift in Sources */,
				4678C32021E0091F00492768 /* String+ArrayConversion.swift in Sources */,
				4678C32321E0096100492768 /* FileManager+Extension.swift in Sources */,
				4678C31721E0087C00492768 /* Endpoint.swift in Sources */,
				4678C31A21E008A900492768 /* DNSServer.swift in Sources */,
				4678C30521DFF74800492768 /* NETunnelProviderProtocol+Extension.swift in Sources */,
			);
			runOnlyForDeploymentPostprocessing = 0;
		};
/* End PBXSourcesBuildPhase section */

/* Begin PBXTargetDependency section */
		469B0A7F21DEA5AB003FC2BC /* PBXTargetDependency */ = {
			isa = PBXTargetDependency;
			target = 469B0A7721DEA5AB003FC2BC /* MoonbounceNetworkExtension */;
			targetProxy = 469B0A7E21DEA5AB003FC2BC /* PBXContainerItemProxy */;
		};
/* End PBXTargetDependency section */

/* Begin PBXVariantGroup section */
		467CB5BA1DBEB6E90086E341 /* MainMenu.xib */ = {
			isa = PBXVariantGroup;
			children = (
				467CB5BB1DBEB6E90086E341 /* Base */,
			);
			name = MainMenu.xib;
			sourceTree = "<group>";
		};
/* End PBXVariantGroup section */

/* Begin XCBuildConfiguration section */
		4678C34C21E0158200492768 /* Debug */ = {
			isa = XCBuildConfiguration;
			buildSettings = {
				CLANG_ANALYZER_NUMBER_OBJECT_CONVERSION = YES_AGGRESSIVE;
				CLANG_CXX_LANGUAGE_STANDARD = "gnu++14";
				CLANG_ENABLE_OBJC_WEAK = YES;
				CLANG_WARN_UNGUARDED_AVAILABILITY = YES_AGGRESSIVE;
				CODE_SIGN_IDENTITY = "Mac Developer";
				CODE_SIGN_STYLE = Automatic;
				DEBUGGING_SYMBOLS = YES;
				DEBUG_INFORMATION_FORMAT = dwarf;
				DEVELOPMENT_TEAM = 67Y4NSLDQ3;
				GCC_C_LANGUAGE_STANDARD = gnu11;
				GCC_GENERATE_DEBUGGING_SYMBOLS = YES;
				GCC_OPTIMIZATION_LEVEL = 0;
				MTL_ENABLE_DEBUG_INFO = INCLUDE_SOURCE;
				MTL_FAST_MATH = YES;
				OTHER_CFLAGS = "";
				OTHER_LDFLAGS = "";
				PRODUCT_NAME = "$(TARGET_NAME)";
			};
			name = Debug;
		};
		4678C34D21E0158200492768 /* Release */ = {
			isa = XCBuildConfiguration;
			buildSettings = {
				CLANG_ANALYZER_NUMBER_OBJECT_CONVERSION = YES_AGGRESSIVE;
				CLANG_CXX_LANGUAGE_STANDARD = "gnu++14";
				CLANG_ENABLE_OBJC_WEAK = YES;
				CLANG_WARN_UNGUARDED_AVAILABILITY = YES_AGGRESSIVE;
				CODE_SIGN_IDENTITY = "Mac Developer";
				CODE_SIGN_STYLE = Automatic;
				DEBUG_INFORMATION_FORMAT = "dwarf-with-dsym";
				DEVELOPMENT_TEAM = 67Y4NSLDQ3;
				GCC_C_LANGUAGE_STANDARD = gnu11;
				MTL_FAST_MATH = YES;
				OTHER_CFLAGS = "";
				OTHER_LDFLAGS = "";
				PRODUCT_NAME = "$(TARGET_NAME)";
			};
			name = Release;
		};
		467CB5BE1DBEB6E90086E341 /* Debug */ = {
			isa = XCBuildConfiguration;
			buildSettings = {
				ALWAYS_SEARCH_USER_PATHS = NO;
				CLANG_ANALYZER_NONNULL = YES;
				CLANG_CXX_LANGUAGE_STANDARD = "gnu++0x";
				CLANG_CXX_LIBRARY = "libc++";
				CLANG_ENABLE_MODULES = YES;
				CLANG_ENABLE_OBJC_ARC = YES;
				CLANG_WARN_BLOCK_CAPTURE_AUTORELEASING = YES;
				CLANG_WARN_BOOL_CONVERSION = YES;
				CLANG_WARN_COMMA = YES;
				CLANG_WARN_CONSTANT_CONVERSION = YES;
				CLANG_WARN_DEPRECATED_OBJC_IMPLEMENTATIONS = YES;
				CLANG_WARN_DIRECT_OBJC_ISA_USAGE = YES_ERROR;
				CLANG_WARN_DOCUMENTATION_COMMENTS = YES;
				CLANG_WARN_EMPTY_BODY = YES;
				CLANG_WARN_ENUM_CONVERSION = YES;
				CLANG_WARN_INFINITE_RECURSION = YES;
				CLANG_WARN_INT_CONVERSION = YES;
				CLANG_WARN_NON_LITERAL_NULL_CONVERSION = YES;
				CLANG_WARN_OBJC_IMPLICIT_RETAIN_SELF = YES;
				CLANG_WARN_OBJC_LITERAL_CONVERSION = YES;
				CLANG_WARN_OBJC_ROOT_CLASS = YES_ERROR;
				CLANG_WARN_RANGE_LOOP_ANALYSIS = YES;
				CLANG_WARN_STRICT_PROTOTYPES = YES;
				CLANG_WARN_SUSPICIOUS_MOVE = YES;
				CLANG_WARN_SUSPICIOUS_MOVES = YES;
				CLANG_WARN_UNREACHABLE_CODE = YES;
				CLANG_WARN__DUPLICATE_METHOD_MATCH = YES;
				CODE_SIGN_IDENTITY = "-";
				COPY_PHASE_STRIP = NO;
				DEBUG_INFORMATION_FORMAT = dwarf;
				ENABLE_STRICT_OBJC_MSGSEND = YES;
				ENABLE_TESTABILITY = YES;
				GCC_C_LANGUAGE_STANDARD = gnu99;
				GCC_DYNAMIC_NO_PIC = NO;
				GCC_NO_COMMON_BLOCKS = YES;
				GCC_OPTIMIZATION_LEVEL = 0;
				GCC_PREPROCESSOR_DEFINITIONS = (
					"DEBUG=1",
					"$(inherited)",
				);
				GCC_WARN_64_TO_32_BIT_CONVERSION = YES;
				GCC_WARN_ABOUT_RETURN_TYPE = YES_ERROR;
				GCC_WARN_UNDECLARED_SELECTOR = YES;
				GCC_WARN_UNINITIALIZED_AUTOS = YES_AGGRESSIVE;
				GCC_WARN_UNUSED_FUNCTION = YES;
				GCC_WARN_UNUSED_VARIABLE = YES;
				MACOSX_DEPLOYMENT_TARGET = 10.14;
				MTL_ENABLE_DEBUG_INFO = YES;
				ONLY_ACTIVE_ARCH = YES;
				SDKROOT = macosx;
				SWIFT_ACTIVE_COMPILATION_CONDITIONS = DEBUG;
				SWIFT_OPTIMIZATION_LEVEL = "-Onone";
			};
			name = Debug;
		};
		467CB5BF1DBEB6E90086E341 /* Release */ = {
			isa = XCBuildConfiguration;
			buildSettings = {
				ALWAYS_SEARCH_USER_PATHS = NO;
				CLANG_ANALYZER_NONNULL = YES;
				CLANG_CXX_LANGUAGE_STANDARD = "gnu++0x";
				CLANG_CXX_LIBRARY = "libc++";
				CLANG_ENABLE_MODULES = YES;
				CLANG_ENABLE_OBJC_ARC = YES;
				CLANG_WARN_BLOCK_CAPTURE_AUTORELEASING = YES;
				CLANG_WARN_BOOL_CONVERSION = YES;
				CLANG_WARN_COMMA = YES;
				CLANG_WARN_CONSTANT_CONVERSION = YES;
				CLANG_WARN_DEPRECATED_OBJC_IMPLEMENTATIONS = YES;
				CLANG_WARN_DIRECT_OBJC_ISA_USAGE = YES_ERROR;
				CLANG_WARN_DOCUMENTATION_COMMENTS = YES;
				CLANG_WARN_EMPTY_BODY = YES;
				CLANG_WARN_ENUM_CONVERSION = YES;
				CLANG_WARN_INFINITE_RECURSION = YES;
				CLANG_WARN_INT_CONVERSION = YES;
				CLANG_WARN_NON_LITERAL_NULL_CONVERSION = YES;
				CLANG_WARN_OBJC_IMPLICIT_RETAIN_SELF = YES;
				CLANG_WARN_OBJC_LITERAL_CONVERSION = YES;
				CLANG_WARN_OBJC_ROOT_CLASS = YES_ERROR;
				CLANG_WARN_RANGE_LOOP_ANALYSIS = YES;
				CLANG_WARN_STRICT_PROTOTYPES = YES;
				CLANG_WARN_SUSPICIOUS_MOVE = YES;
				CLANG_WARN_SUSPICIOUS_MOVES = YES;
				CLANG_WARN_UNREACHABLE_CODE = YES;
				CLANG_WARN__DUPLICATE_METHOD_MATCH = YES;
				CODE_SIGN_IDENTITY = "-";
				COPY_PHASE_STRIP = NO;
				DEBUG_INFORMATION_FORMAT = "dwarf-with-dsym";
				ENABLE_NS_ASSERTIONS = NO;
				ENABLE_STRICT_OBJC_MSGSEND = YES;
				GCC_C_LANGUAGE_STANDARD = gnu99;
				GCC_NO_COMMON_BLOCKS = YES;
				GCC_WARN_64_TO_32_BIT_CONVERSION = YES;
				GCC_WARN_ABOUT_RETURN_TYPE = YES_ERROR;
				GCC_WARN_UNDECLARED_SELECTOR = YES;
				GCC_WARN_UNINITIALIZED_AUTOS = YES_AGGRESSIVE;
				GCC_WARN_UNUSED_FUNCTION = YES;
				GCC_WARN_UNUSED_VARIABLE = YES;
				MACOSX_DEPLOYMENT_TARGET = 10.14;
				MTL_ENABLE_DEBUG_INFO = NO;
				SDKROOT = macosx;
				SWIFT_OPTIMIZATION_LEVEL = "-Owholemodule";
			};
			name = Release;
		};
		467CB5C11DBEB6E90086E341 /* Debug */ = {
			isa = XCBuildConfiguration;
			buildSettings = {
				ALWAYS_EMBED_SWIFT_STANDARD_LIBRARIES = YES;
				ASSETCATALOG_COMPILER_APPICON_NAME = AppIcon;
				CLANG_ENABLE_MODULES = YES;
				CODE_SIGN_ENTITLEMENTS = Moonbounce/Moonbounce.entitlements;
				CODE_SIGN_IDENTITY = "Mac Developer";
				CODE_SIGN_STYLE = Automatic;
				COMBINE_HIDPI_IMAGES = YES;
				DEVELOPMENT_TEAM = 67Y4NSLDQ3;
				INFOPLIST_FILE = Moonbounce/Info.plist;
				LD_RUNPATH_SEARCH_PATHS = "$(inherited) @executable_path/../Frameworks";
				LIBRARY_SEARCH_PATHS = (
					"$(inherited)",
					"$(PROJECT_DIR)/WireGuard",
				);
				PRODUCT_BUNDLE_IDENTIFIER = org.OperatorFoundation.Moonbounce.MacOS;
				PRODUCT_NAME = "$(TARGET_NAME)";
				PROVISIONING_PROFILE = "";
				PROVISIONING_PROFILE_SPECIFIER = "";
				SWIFT_OBJC_BRIDGING_HEADER = "Moonbounce/Moonbounce-Bridging-Header.h";
				SWIFT_OPTIMIZATION_LEVEL = "-Onone";
				SWIFT_SWIFT3_OBJC_INFERENCE = Default;
				SWIFT_VERSION = 4.2;
			};
			name = Debug;
		};
		467CB5C21DBEB6E90086E341 /* Release */ = {
			isa = XCBuildConfiguration;
			buildSettings = {
				ALWAYS_EMBED_SWIFT_STANDARD_LIBRARIES = YES;
				ASSETCATALOG_COMPILER_APPICON_NAME = AppIcon;
				CLANG_ENABLE_MODULES = YES;
				CODE_SIGN_ENTITLEMENTS = Moonbounce/Moonbounce.entitlements;
				CODE_SIGN_IDENTITY = "Mac Developer";
				CODE_SIGN_STYLE = Automatic;
				COMBINE_HIDPI_IMAGES = YES;
				DEVELOPMENT_TEAM = 67Y4NSLDQ3;
				INFOPLIST_FILE = Moonbounce/Info.plist;
				LD_RUNPATH_SEARCH_PATHS = "$(inherited) @executable_path/../Frameworks";
				LIBRARY_SEARCH_PATHS = (
					"$(inherited)",
					"$(PROJECT_DIR)/WireGuard",
				);
				PRODUCT_BUNDLE_IDENTIFIER = org.OperatorFoundation.Moonbounce.MacOS;
				PRODUCT_NAME = "$(TARGET_NAME)";
				PROVISIONING_PROFILE_SPECIFIER = "";
				SWIFT_OBJC_BRIDGING_HEADER = "Moonbounce/Moonbounce-Bridging-Header.h";
				SWIFT_SWIFT3_OBJC_INFERENCE = Default;
				SWIFT_VERSION = 4.2;
			};
			name = Release;
		};
		469B0A8121DEA5AB003FC2BC /* Debug */ = {
			isa = XCBuildConfiguration;
			buildSettings = {
				CLANG_ANALYZER_NUMBER_OBJECT_CONVERSION = YES_AGGRESSIVE;
				CLANG_CXX_LANGUAGE_STANDARD = "gnu++14";
				CLANG_ENABLE_MODULES = YES;
				CLANG_ENABLE_OBJC_WEAK = YES;
				CLANG_WARN_UNGUARDED_AVAILABILITY = YES_AGGRESSIVE;
				CODE_SIGN_ENTITLEMENTS = MoonbounceNetworkExtension/MoonbounceNetworkExtension.entitlements;
				CODE_SIGN_IDENTITY = "Mac Developer";
				CODE_SIGN_STYLE = Automatic;
				DEVELOPMENT_TEAM = 67Y4NSLDQ3;
				GCC_C_LANGUAGE_STANDARD = gnu11;
				INFOPLIST_FILE = MoonbounceNetworkExtension/Info.plist;
				LD_RUNPATH_SEARCH_PATHS = "$(inherited) @executable_path/../Frameworks @executable_path/../../../../Frameworks";
				LIBRARY_SEARCH_PATHS = (
					"$(inherited)",
					"$(PROJECT_DIR)/wireguard-go-bridge/out",
				);
				MTL_ENABLE_DEBUG_INFO = INCLUDE_SOURCE;
				MTL_FAST_MATH = YES;
				PRODUCT_BUNDLE_IDENTIFIER = org.OperatorFoundation.Moonbounce.MacOS.MoonbounceNetworkExtension;
				PRODUCT_NAME = "$(TARGET_NAME)";
				PROVISIONING_PROFILE_SPECIFIER = "";
				SKIP_INSTALL = YES;
				SWIFT_OBJC_BRIDGING_HEADER = "MoonbounceNetworkExtension/MoonbounceNetworkExtension-Bridging-Header.h";
				SWIFT_OPTIMIZATION_LEVEL = "-Onone";
				SWIFT_VERSION = 4.2;
			};
			name = Debug;
		};
		469B0A8221DEA5AB003FC2BC /* Release */ = {
			isa = XCBuildConfiguration;
			buildSettings = {
				CLANG_ANALYZER_NUMBER_OBJECT_CONVERSION = YES_AGGRESSIVE;
				CLANG_CXX_LANGUAGE_STANDARD = "gnu++14";
				CLANG_ENABLE_MODULES = YES;
				CLANG_ENABLE_OBJC_WEAK = YES;
				CLANG_WARN_UNGUARDED_AVAILABILITY = YES_AGGRESSIVE;
				CODE_SIGN_ENTITLEMENTS = MoonbounceNetworkExtension/MoonbounceNetworkExtension.entitlements;
				CODE_SIGN_IDENTITY = "Mac Developer";
				CODE_SIGN_STYLE = Automatic;
				DEVELOPMENT_TEAM = 67Y4NSLDQ3;
				GCC_C_LANGUAGE_STANDARD = gnu11;
				INFOPLIST_FILE = MoonbounceNetworkExtension/Info.plist;
				LD_RUNPATH_SEARCH_PATHS = "$(inherited) @executable_path/../Frameworks @executable_path/../../../../Frameworks";
				LIBRARY_SEARCH_PATHS = (
					"$(inherited)",
					"$(PROJECT_DIR)/wireguard-go-bridge/out",
				);
				MTL_FAST_MATH = YES;
				PRODUCT_BUNDLE_IDENTIFIER = org.OperatorFoundation.Moonbounce.MacOS.MoonbounceNetworkExtension;
				PRODUCT_NAME = "$(TARGET_NAME)";
				PROVISIONING_PROFILE_SPECIFIER = "";
				SKIP_INSTALL = YES;
				SWIFT_OBJC_BRIDGING_HEADER = "MoonbounceNetworkExtension/MoonbounceNetworkExtension-Bridging-Header.h";
				SWIFT_VERSION = 4.2;
			};
			name = Release;
		};
/* End XCBuildConfiguration section */

/* Begin XCConfigurationList section */
		4678C34B21E0158200492768 /* Build configuration list for PBXLegacyTarget "WireGuardGoBridge" */ = {
			isa = XCConfigurationList;
			buildConfigurations = (
				4678C34C21E0158200492768 /* Debug */,
				4678C34D21E0158200492768 /* Release */,
			);
			defaultConfigurationIsVisible = 0;
			defaultConfigurationName = Release;
		};
		467CB5AE1DBEB6E90086E341 /* Build configuration list for PBXProject "Moonbounce" */ = {
			isa = XCConfigurationList;
			buildConfigurations = (
				467CB5BE1DBEB6E90086E341 /* Debug */,
				467CB5BF1DBEB6E90086E341 /* Release */,
			);
			defaultConfigurationIsVisible = 0;
			defaultConfigurationName = Release;
		};
		467CB5C01DBEB6E90086E341 /* Build configuration list for PBXNativeTarget "Moonbounce" */ = {
			isa = XCConfigurationList;
			buildConfigurations = (
				467CB5C11DBEB6E90086E341 /* Debug */,
				467CB5C21DBEB6E90086E341 /* Release */,
			);
			defaultConfigurationIsVisible = 0;
			defaultConfigurationName = Release;
		};
		469B0A9121DEA5AB003FC2BC /* Build configuration list for PBXNativeTarget "MoonbounceNetworkExtension" */ = {
			isa = XCConfigurationList;
			buildConfigurations = (
				469B0A8121DEA5AB003FC2BC /* Debug */,
				469B0A8221DEA5AB003FC2BC /* Release */,
			);
			defaultConfigurationIsVisible = 0;
			defaultConfigurationName = Release;
		};
/* End XCConfigurationList section */
	};
	rootObject = 467CB5AB1DBEB6E90086E341 /* Project object */;
}
